
Microsoft Visual Studio Solution File, Format Version 12.00
# Visual Studio 2012
Project("{FAE04EC0-301F-11D3-BF4B-00C04F79EFBC}") = "NQueens", "NQueens\NQueens.csproj", "{365F7542-DBD9-4EAD-8824-F4FFB43516EF}"
EndProject
Project("{FAE04EC0-301F-11D3-BF4B-00C04F79EFBC}") = "Sudoku", "Sudoku\Sudoku.csproj", "{0B87C44C-4CD3-41EA-BA18-70B065ACF5A3}"
EndProject
Global
	GlobalSection(SolutionConfigurationPlatforms) = preSolution
		Debug|Any CPU = Debug|Any CPU
		Release|Any CPU = Release|Any CPU
	EndGlobalSection
	GlobalSection(ProjectConfigurationPlatforms) = postSolution
		{365F7542-DBD9-4EAD-8824-F4FFB43516EF}.Debug|Any CPU.ActiveCfg = Debug|Any CPU
		{365F7542-DBD9-4EAD-8824-F4FFB43516EF}.Debug|Any CPU.Build.0 = Debug|Any CPU
		{365F7542-DBD9-4EAD-8824-F4FFB43516EF}.Release|Any CPU.ActiveCfg = Release|Any CPU
		{365F7542-DBD9-4EAD-8824-F4FFB43516EF}.Release|Any CPU.Build.0 = Release|Any CPU
		{0B87C44C-4CD3-41EA-BA18-70B065ACF5A3}.Debug|Any CPU.ActiveCfg = Debug|Any CPU
		{0B87C44C-4CD3-41EA-BA18-70B065ACF5A3}.Debug|Any CPU.Build.0 = Debug|Any CPU
		{0B87C44C-4CD3-41EA-BA18-70B065ACF5A3}.Release|Any CPU.ActiveCfg = Release|Any CPU
		{0B87C44C-4CD3-41EA-BA18-70B065ACF5A3}.Release|Any CPU.Build.0 = Release|Any CPU
	EndGlobalSection
	GlobalSection(SolutionProperties) = preSolution
		HideSolutionNode = FALSE
	EndGlobalSection
EndGlobal
