
Microsoft Visual Studio Solution File, Format Version 12.00
# Visual Studio 2012
Project("{FAE04EC0-301F-11D3-BF4B-00C04F79EFBC}") = "RadioButtonGroup", "RadioButtonGroup\RadioButtonGroup.csproj", "{944BC853-1A62-4E8E-A022-2EE75026A5F4}"
EndProject
Project("{FAE04EC0-301F-11D3-BF4B-00C04F79EFBC}") = "iTextSharpExample", "iTextSharp\iTextSharpExample.csproj", "{BE550FBE-733F-4B47-9FB3-15B8BEAE695F}"
EndProject
Global
	GlobalSection(SolutionConfigurationPlatforms) = preSolution
		Debug|Any CPU = Debug|Any CPU
		Release|Any CPU = Release|Any CPU
	EndGlobalSection
	GlobalSection(ProjectConfigurationPlatforms) = postSolution
		{944BC853-1A62-4E8E-A022-2EE75026A5F4}.Debug|Any CPU.ActiveCfg = Debug|Any CPU
		{944BC853-1A62-4E8E-A022-2EE75026A5F4}.Debug|Any CPU.Build.0 = Debug|Any CPU
		{944BC853-1A62-4E8E-A022-2EE75026A5F4}.Release|Any CPU.ActiveCfg = Release|Any CPU
		{944BC853-1A62-4E8E-A022-2EE75026A5F4}.Release|Any CPU.Build.0 = Release|Any CPU
		{BE550FBE-733F-4B47-9FB3-15B8BEAE695F}.Debug|Any CPU.ActiveCfg = Debug|Any CPU
		{BE550FBE-733F-4B47-9FB3-15B8BEAE695F}.Debug|Any CPU.Build.0 = Debug|Any CPU
		{BE550FBE-733F-4B47-9FB3-15B8BEAE695F}.Release|Any CPU.ActiveCfg = Release|Any CPU
		{BE550FBE-733F-4B47-9FB3-15B8BEAE695F}.Release|Any CPU.Build.0 = Release|Any CPU
	EndGlobalSection
	GlobalSection(SolutionProperties) = preSolution
		HideSolutionNode = FALSE
	EndGlobalSection
EndGlobal
