
Microsoft Visual Studio Solution File, Format Version 12.00
# Visual Studio 2012
Project("{FAE04EC0-301F-11D3-BF4B-00C04F79EFBC}") = "Caption Control via PARTS", "Week6\Caption Control via PARTS.csproj", "{C6BBCB8A-7153-462E-83AA-5371ACDDA00B}"
EndProject
Global
	GlobalSection(SolutionConfigurationPlatforms) = preSolution
		Debug|Any CPU = Debug|Any CPU
		Release|Any CPU = Release|Any CPU
	EndGlobalSection
	GlobalSection(ProjectConfigurationPlatforms) = postSolution
		{C6BBCB8A-7153-462E-83AA-5371ACDDA00B}.Debug|Any CPU.ActiveCfg = Debug|Any CPU
		{C6BBCB8A-7153-462E-83AA-5371ACDDA00B}.Debug|Any CPU.Build.0 = Debug|Any CPU
		{C6BBCB8A-7153-462E-83AA-5371ACDDA00B}.Release|Any CPU.ActiveCfg = Release|Any CPU
		{C6BBCB8A-7153-462E-83AA-5371ACDDA00B}.Release|Any CPU.Build.0 = Release|Any CPU
	EndGlobalSection
	GlobalSection(SolutionProperties) = preSolution
		HideSolutionNode = FALSE
	EndGlobalSection
EndGlobal
