
Microsoft Visual Studio Solution File, Format Version 12.00
# Visual Studio 2012
Project("{FAE04EC0-301F-11D3-BF4B-00C04F79EFBC}") = "01. Delegates - XMLViewer", "01. Delegates - XMLViewer\01. Delegates - XMLViewer.csproj", "{EC98D7B7-35BE-4D45-A3FB-80C331E15546}"
EndProject
Project("{FAE04EC0-301F-11D3-BF4B-00C04F79EFBC}") = "01. Delegates - CustomEvent", "01. Delegates - CustomEvent\01. Delegates - CustomEvent.csproj", "{F6EF6753-3AC3-483A-AE4A-C9CAA111265E}"
EndProject
Project("{FAE04EC0-301F-11D3-BF4B-00C04F79EFBC}") = "01. Delegates - Multithreading", "01. Delegates - Multithreading\01. Delegates - Multithreading.csproj", "{AFBB540A-5A02-4671-BC4B-4CB6B54EACF0}"
EndProject
Project("{FAE04EC0-301F-11D3-BF4B-00C04F79EFBC}") = "02. Reflection - Infrastructure", "02. Reflection - Infrastructure\02. Reflection - Infrastructure.csproj", "{D715440E-A42A-41C7-84E7-934E0924DA16}"
EndProject
Project("{FAE04EC0-301F-11D3-BF4B-00C04F79EFBC}") = "02. Reflection - A. Custom Attributes", "02. Reflection - A. CustomAttributes\02. Reflection - A. Custom Attributes.csproj", "{14F7D304-8E0E-47FF-A9BA-B50442859F75}"
EndProject
Project("{FAE04EC0-301F-11D3-BF4B-00C04F79EFBC}") = "02. Reflection - B. Person Program", "02. Reflection - B. Person Program\02. Reflection - B. Person Program.csproj", "{50E4BAC7-02DF-4A61-BE5E-A5EF8C45D15D}"
EndProject
Project("{FAE04EC0-301F-11D3-BF4B-00C04F79EFBC}") = "03. Runtime Compilation - Function Drawing", "03. Runtime Compilation - Function Drawing\03. Runtime Compilation - Function Drawing.csproj", "{0EA38679-DDF1-4A3D-87D6-BE65A9489ED6}"
EndProject
Project("{FAE04EC0-301F-11D3-BF4B-00C04F79EFBC}") = "04. Backtracking - N-Queens", "04. Backtracking - N-Queens\04. Backtracking - N-Queens.csproj", "{BAF65FFD-27C1-4EFF-AB7D-B6E17902522F}"
EndProject
Project("{FAE04EC0-301F-11D3-BF4B-00C04F79EFBC}") = "04. Backtracking - Sudoku", "04. Backtracking - Sudoku\04. Backtracking - Sudoku.csproj", "{ABC3DDBD-629F-4603-BC22-F0A4E627F455}"
EndProject
Project("{FAE04EC0-301F-11D3-BF4B-00C04F79EFBC}") = "05. Dependency Properties", "05. Dependency Properties\05. Dependency Properties.csproj", "{A1555EA7-B24F-40DF-98E0-2CADAB02A4DD}"
EndProject
Project("{FAE04EC0-301F-11D3-BF4B-00C04F79EFBC}") = "05. Dependency Properties - N-Queens", "05. Dependency Properties - N-Queens\05. Dependency Properties - N-Queens.csproj", "{A363495D-C88C-486A-9CE2-B604CA6D0876}"
EndProject
Project("{FAE04EC0-301F-11D3-BF4B-00C04F79EFBC}") = "02. Reflection - SecondApp", "02. Reflection - SecondApp\02. Reflection - SecondApp.csproj", "{46C48F85-6021-466B-81ED-523B8BA0EFAD}"
EndProject
Project("{FAE04EC0-301F-11D3-BF4B-00C04F79EFBC}") = "06. Templated Controls - Caption Control", "06. Templated Controls - Caption Control\06. Templated Controls - Caption Control.csproj", "{CE2830DE-877A-49A2-AC14-451EAF48635B}"
EndProject
Project("{FAE04EC0-301F-11D3-BF4B-00C04F79EFBC}") = "06. Templated Controls - States", "06. Templated Controls - States\06. Templated Controls - States.csproj", "{1F489048-F1FA-4797-BE11-F3B0570BF9DA}"
EndProject
Project("{FAE04EC0-301F-11D3-BF4B-00C04F79EFBC}") = "06. Templated Controls - ucLibrary", "06. Templated Controls - ucLibrary\06. Templated Controls - ucLibrary.csproj", "{6E33F8B4-96A3-4F3C-9CCF-AABB05FAD15F}"
EndProject
Project("{FAE04EC0-301F-11D3-BF4B-00C04F79EFBC}") = "07. Behaviors", "07. Behaviors\07. Behaviors.csproj", "{18FFFB8A-27C0-4580-BBB0-5BFC6C128F48}"
EndProject
Project("{FAE04EC0-301F-11D3-BF4B-00C04F79EFBC}") = "08. iTextSharp", "08. iTextSharp\08. iTextSharp.csproj", "{A44BD068-8FE4-442F-8D83-0B2A34CF2293}"
EndProject
Project("{FAE04EC0-301F-11D3-BF4B-00C04F79EFBC}") = "11. AOP - Examenpunten", "11. AOP - Examenpunten\11. AOP - Examenpunten.csproj", "{A362F63C-C030-40D0-9EAB-501A9EFEAE44}"
EndProject
Project("{FAE04EC0-301F-11D3-BF4B-00C04F79EFBC}") = "11. AOP - Fibonacci", "11. AOP - Fibonacci\11. AOP - Fibonacci.csproj", "{1B4DBCDA-89DF-460C-8B2D-25295EE51F2A}"
EndProject
Project("{FAE04EC0-301F-11D3-BF4B-00C04F79EFBC}") = "11. AOP", "11. AOP\11. AOP.csproj", "{DF139B3C-514B-4161-9A36-DD83AD408747}"
EndProject
Project("{FAE04EC0-301F-11D3-BF4B-00C04F79EFBC}") = "12. SQL Notification", "12. SQL Notification\12. SQL Notification.csproj", "{6FE97B79-7EF0-4E84-B645-51CFAD9A650D}"
EndProject
Project("{6141683F-8A12-4E36-9623-2EB02B2C2303}") = "10. InstallShield Setup", "10. InstallShield Setup\10. InstallShield Setup.isproj", "{AF0F95C5-7F2B-4B05-80F4-0FCBD89C539B}"
	ProjectSection(ProjectDependencies) = postProject
		{E75FF18B-E0A0-4398-A833-AF76AF23CD81} = {E75FF18B-E0A0-4398-A833-AF76AF23CD81}
	EndProjectSection
EndProject
Project("{FAE04EC0-301F-11D3-BF4B-00C04F79EFBC}") = "10. Installer", "10. Installer\10. Installer.csproj", "{68FE2320-F8F0-4769-943D-239E1600B762}"
EndProject
Project("{FAE04EC0-301F-11D3-BF4B-00C04F79EFBC}") = "10. Library", "10. Library\10. Library.csproj", "{E75FF18B-E0A0-4398-A833-AF76AF23CD81}"
EndProject
Project("{930C7802-8A8C-48F9-8165-68863BCCD9DD}") = "10. WiX", "10. WiX\10. WiX.wixproj", "{AB3C3B3F-23DE-4832-A758-5A6B76E1B1DF}"
EndProject
Global
	GlobalSection(SolutionConfigurationPlatforms) = preSolution
		CD_ROM|Any CPU = CD_ROM|Any CPU
		CD_ROM|Mixed Platforms = CD_ROM|Mixed Platforms
		CD_ROM|x86 = CD_ROM|x86
		Debug|Any CPU = Debug|Any CPU
		Debug|Mixed Platforms = Debug|Mixed Platforms
		Debug|x86 = Debug|x86
		DVD-5|Any CPU = DVD-5|Any CPU
		DVD-5|Mixed Platforms = DVD-5|Mixed Platforms
		DVD-5|x86 = DVD-5|x86
		Release|Any CPU = Release|Any CPU
		Release|Mixed Platforms = Release|Mixed Platforms
		Release|x86 = Release|x86
		SingleImage|Any CPU = SingleImage|Any CPU
		SingleImage|Mixed Platforms = SingleImage|Mixed Platforms
		SingleImage|x86 = SingleImage|x86
	EndGlobalSection
	GlobalSection(ProjectConfigurationPlatforms) = postSolution
		{EC98D7B7-35BE-4D45-A3FB-80C331E15546}.CD_ROM|Any CPU.ActiveCfg = Release|Any CPU
		{EC98D7B7-35BE-4D45-A3FB-80C331E15546}.CD_ROM|Any CPU.Build.0 = Release|Any CPU
		{EC98D7B7-35BE-4D45-A3FB-80C331E15546}.CD_ROM|Mixed Platforms.ActiveCfg = Release|Any CPU
		{EC98D7B7-35BE-4D45-A3FB-80C331E15546}.CD_ROM|Mixed Platforms.Build.0 = Release|Any CPU
		{EC98D7B7-35BE-4D45-A3FB-80C331E15546}.CD_ROM|x86.ActiveCfg = Release|Any CPU
		{EC98D7B7-35BE-4D45-A3FB-80C331E15546}.Debug|Any CPU.ActiveCfg = Debug|Any CPU
		{EC98D7B7-35BE-4D45-A3FB-80C331E15546}.Debug|Any CPU.Build.0 = Debug|Any CPU
		{EC98D7B7-35BE-4D45-A3FB-80C331E15546}.Debug|Mixed Platforms.ActiveCfg = Debug|Any CPU
		{EC98D7B7-35BE-4D45-A3FB-80C331E15546}.Debug|Mixed Platforms.Build.0 = Debug|Any CPU
		{EC98D7B7-35BE-4D45-A3FB-80C331E15546}.Debug|x86.ActiveCfg = Debug|Any CPU
		{EC98D7B7-35BE-4D45-A3FB-80C331E15546}.DVD-5|Any CPU.ActiveCfg = Debug|Any CPU
		{EC98D7B7-35BE-4D45-A3FB-80C331E15546}.DVD-5|Any CPU.Build.0 = Debug|Any CPU
		{EC98D7B7-35BE-4D45-A3FB-80C331E15546}.DVD-5|Mixed Platforms.ActiveCfg = Debug|Any CPU
		{EC98D7B7-35BE-4D45-A3FB-80C331E15546}.DVD-5|Mixed Platforms.Build.0 = Debug|Any CPU
		{EC98D7B7-35BE-4D45-A3FB-80C331E15546}.DVD-5|x86.ActiveCfg = Debug|Any CPU
		{EC98D7B7-35BE-4D45-A3FB-80C331E15546}.Release|Any CPU.ActiveCfg = Release|Any CPU
		{EC98D7B7-35BE-4D45-A3FB-80C331E15546}.Release|Any CPU.Build.0 = Release|Any CPU
		{EC98D7B7-35BE-4D45-A3FB-80C331E15546}.Release|Mixed Platforms.ActiveCfg = Release|Any CPU
		{EC98D7B7-35BE-4D45-A3FB-80C331E15546}.Release|Mixed Platforms.Build.0 = Release|Any CPU
		{EC98D7B7-35BE-4D45-A3FB-80C331E15546}.Release|x86.ActiveCfg = Release|Any CPU
		{EC98D7B7-35BE-4D45-A3FB-80C331E15546}.SingleImage|Any CPU.ActiveCfg = Release|Any CPU
		{EC98D7B7-35BE-4D45-A3FB-80C331E15546}.SingleImage|Any CPU.Build.0 = Release|Any CPU
		{EC98D7B7-35BE-4D45-A3FB-80C331E15546}.SingleImage|Mixed Platforms.ActiveCfg = Release|Any CPU
		{EC98D7B7-35BE-4D45-A3FB-80C331E15546}.SingleImage|Mixed Platforms.Build.0 = Release|Any CPU
		{EC98D7B7-35BE-4D45-A3FB-80C331E15546}.SingleImage|x86.ActiveCfg = Release|Any CPU
		{F6EF6753-3AC3-483A-AE4A-C9CAA111265E}.CD_ROM|Any CPU.ActiveCfg = Release|Any CPU
		{F6EF6753-3AC3-483A-AE4A-C9CAA111265E}.CD_ROM|Any CPU.Build.0 = Release|Any CPU
		{F6EF6753-3AC3-483A-AE4A-C9CAA111265E}.CD_ROM|Mixed Platforms.ActiveCfg = Release|Any CPU
		{F6EF6753-3AC3-483A-AE4A-C9CAA111265E}.CD_ROM|Mixed Platforms.Build.0 = Release|Any CPU
		{F6EF6753-3AC3-483A-AE4A-C9CAA111265E}.CD_ROM|x86.ActiveCfg = Release|Any CPU
		{F6EF6753-3AC3-483A-AE4A-C9CAA111265E}.Debug|Any CPU.ActiveCfg = Debug|Any CPU
		{F6EF6753-3AC3-483A-AE4A-C9CAA111265E}.Debug|Any CPU.Build.0 = Debug|Any CPU
		{F6EF6753-3AC3-483A-AE4A-C9CAA111265E}.Debug|Mixed Platforms.ActiveCfg = Debug|Any CPU
		{F6EF6753-3AC3-483A-AE4A-C9CAA111265E}.Debug|Mixed Platforms.Build.0 = Debug|Any CPU
		{F6EF6753-3AC3-483A-AE4A-C9CAA111265E}.Debug|x86.ActiveCfg = Debug|Any CPU
		{F6EF6753-3AC3-483A-AE4A-C9CAA111265E}.DVD-5|Any CPU.ActiveCfg = Debug|Any CPU
		{F6EF6753-3AC3-483A-AE4A-C9CAA111265E}.DVD-5|Any CPU.Build.0 = Debug|Any CPU
		{F6EF6753-3AC3-483A-AE4A-C9CAA111265E}.DVD-5|Mixed Platforms.ActiveCfg = Debug|Any CPU
		{F6EF6753-3AC3-483A-AE4A-C9CAA111265E}.DVD-5|Mixed Platforms.Build.0 = Debug|Any CPU
		{F6EF6753-3AC3-483A-AE4A-C9CAA111265E}.DVD-5|x86.ActiveCfg = Debug|Any CPU
		{F6EF6753-3AC3-483A-AE4A-C9CAA111265E}.Release|Any CPU.ActiveCfg = Release|Any CPU
		{F6EF6753-3AC3-483A-AE4A-C9CAA111265E}.Release|Any CPU.Build.0 = Release|Any CPU
		{F6EF6753-3AC3-483A-AE4A-C9CAA111265E}.Release|Mixed Platforms.ActiveCfg = Release|Any CPU
		{F6EF6753-3AC3-483A-AE4A-C9CAA111265E}.Release|Mixed Platforms.Build.0 = Release|Any CPU
		{F6EF6753-3AC3-483A-AE4A-C9CAA111265E}.Release|x86.ActiveCfg = Release|Any CPU
		{F6EF6753-3AC3-483A-AE4A-C9CAA111265E}.SingleImage|Any CPU.ActiveCfg = Release|Any CPU
		{F6EF6753-3AC3-483A-AE4A-C9CAA111265E}.SingleImage|Any CPU.Build.0 = Release|Any CPU
		{F6EF6753-3AC3-483A-AE4A-C9CAA111265E}.SingleImage|Mixed Platforms.ActiveCfg = Release|Any CPU
		{F6EF6753-3AC3-483A-AE4A-C9CAA111265E}.SingleImage|Mixed Platforms.Build.0 = Release|Any CPU
		{F6EF6753-3AC3-483A-AE4A-C9CAA111265E}.SingleImage|x86.ActiveCfg = Release|Any CPU
		{AFBB540A-5A02-4671-BC4B-4CB6B54EACF0}.CD_ROM|Any CPU.ActiveCfg = Release|Any CPU
		{AFBB540A-5A02-4671-BC4B-4CB6B54EACF0}.CD_ROM|Any CPU.Build.0 = Release|Any CPU
		{AFBB540A-5A02-4671-BC4B-4CB6B54EACF0}.CD_ROM|Mixed Platforms.ActiveCfg = Release|Any CPU
		{AFBB540A-5A02-4671-BC4B-4CB6B54EACF0}.CD_ROM|Mixed Platforms.Build.0 = Release|Any CPU
		{AFBB540A-5A02-4671-BC4B-4CB6B54EACF0}.CD_ROM|x86.ActiveCfg = Release|Any CPU
		{AFBB540A-5A02-4671-BC4B-4CB6B54EACF0}.Debug|Any CPU.ActiveCfg = Debug|Any CPU
		{AFBB540A-5A02-4671-BC4B-4CB6B54EACF0}.Debug|Any CPU.Build.0 = Debug|Any CPU
		{AFBB540A-5A02-4671-BC4B-4CB6B54EACF0}.Debug|Mixed Platforms.ActiveCfg = Debug|Any CPU
		{AFBB540A-5A02-4671-BC4B-4CB6B54EACF0}.Debug|Mixed Platforms.Build.0 = Debug|Any CPU
		{AFBB540A-5A02-4671-BC4B-4CB6B54EACF0}.Debug|x86.ActiveCfg = Debug|Any CPU
		{AFBB540A-5A02-4671-BC4B-4CB6B54EACF0}.DVD-5|Any CPU.ActiveCfg = Debug|Any CPU
		{AFBB540A-5A02-4671-BC4B-4CB6B54EACF0}.DVD-5|Any CPU.Build.0 = Debug|Any CPU
		{AFBB540A-5A02-4671-BC4B-4CB6B54EACF0}.DVD-5|Mixed Platforms.ActiveCfg = Debug|Any CPU
		{AFBB540A-5A02-4671-BC4B-4CB6B54EACF0}.DVD-5|Mixed Platforms.Build.0 = Debug|Any CPU
		{AFBB540A-5A02-4671-BC4B-4CB6B54EACF0}.DVD-5|x86.ActiveCfg = Debug|Any CPU
		{AFBB540A-5A02-4671-BC4B-4CB6B54EACF0}.Release|Any CPU.ActiveCfg = Release|Any CPU
		{AFBB540A-5A02-4671-BC4B-4CB6B54EACF0}.Release|Any CPU.Build.0 = Release|Any CPU
		{AFBB540A-5A02-4671-BC4B-4CB6B54EACF0}.Release|Mixed Platforms.ActiveCfg = Release|Any CPU
		{AFBB540A-5A02-4671-BC4B-4CB6B54EACF0}.Release|Mixed Platforms.Build.0 = Release|Any CPU
		{AFBB540A-5A02-4671-BC4B-4CB6B54EACF0}.Release|x86.ActiveCfg = Release|Any CPU
		{AFBB540A-5A02-4671-BC4B-4CB6B54EACF0}.SingleImage|Any CPU.ActiveCfg = Release|Any CPU
		{AFBB540A-5A02-4671-BC4B-4CB6B54EACF0}.SingleImage|Any CPU.Build.0 = Release|Any CPU
		{AFBB540A-5A02-4671-BC4B-4CB6B54EACF0}.SingleImage|Mixed Platforms.ActiveCfg = Release|Any CPU
		{AFBB540A-5A02-4671-BC4B-4CB6B54EACF0}.SingleImage|Mixed Platforms.Build.0 = Release|Any CPU
		{AFBB540A-5A02-4671-BC4B-4CB6B54EACF0}.SingleImage|x86.ActiveCfg = Release|Any CPU
		{D715440E-A42A-41C7-84E7-934E0924DA16}.CD_ROM|Any CPU.ActiveCfg = Release|Any CPU
		{D715440E-A42A-41C7-84E7-934E0924DA16}.CD_ROM|Any CPU.Build.0 = Release|Any CPU
		{D715440E-A42A-41C7-84E7-934E0924DA16}.CD_ROM|Mixed Platforms.ActiveCfg = Release|Any CPU
		{D715440E-A42A-41C7-84E7-934E0924DA16}.CD_ROM|Mixed Platforms.Build.0 = Release|Any CPU
		{D715440E-A42A-41C7-84E7-934E0924DA16}.CD_ROM|x86.ActiveCfg = Release|Any CPU
		{D715440E-A42A-41C7-84E7-934E0924DA16}.Debug|Any CPU.ActiveCfg = Debug|Any CPU
		{D715440E-A42A-41C7-84E7-934E0924DA16}.Debug|Any CPU.Build.0 = Debug|Any CPU
		{D715440E-A42A-41C7-84E7-934E0924DA16}.Debug|Mixed Platforms.ActiveCfg = Debug|Any CPU
		{D715440E-A42A-41C7-84E7-934E0924DA16}.Debug|Mixed Platforms.Build.0 = Debug|Any CPU
		{D715440E-A42A-41C7-84E7-934E0924DA16}.Debug|x86.ActiveCfg = Debug|Any CPU
		{D715440E-A42A-41C7-84E7-934E0924DA16}.DVD-5|Any CPU.ActiveCfg = Debug|Any CPU
		{D715440E-A42A-41C7-84E7-934E0924DA16}.DVD-5|Any CPU.Build.0 = Debug|Any CPU
		{D715440E-A42A-41C7-84E7-934E0924DA16}.DVD-5|Mixed Platforms.ActiveCfg = Debug|Any CPU
		{D715440E-A42A-41C7-84E7-934E0924DA16}.DVD-5|Mixed Platforms.Build.0 = Debug|Any CPU
		{D715440E-A42A-41C7-84E7-934E0924DA16}.DVD-5|x86.ActiveCfg = Debug|Any CPU
		{D715440E-A42A-41C7-84E7-934E0924DA16}.Release|Any CPU.ActiveCfg = Release|Any CPU
		{D715440E-A42A-41C7-84E7-934E0924DA16}.Release|Any CPU.Build.0 = Release|Any CPU
		{D715440E-A42A-41C7-84E7-934E0924DA16}.Release|Mixed Platforms.ActiveCfg = Release|Any CPU
		{D715440E-A42A-41C7-84E7-934E0924DA16}.Release|Mixed Platforms.Build.0 = Release|Any CPU
		{D715440E-A42A-41C7-84E7-934E0924DA16}.Release|x86.ActiveCfg = Release|Any CPU
		{D715440E-A42A-41C7-84E7-934E0924DA16}.SingleImage|Any CPU.ActiveCfg = Release|Any CPU
		{D715440E-A42A-41C7-84E7-934E0924DA16}.SingleImage|Any CPU.Build.0 = Release|Any CPU
		{D715440E-A42A-41C7-84E7-934E0924DA16}.SingleImage|Mixed Platforms.ActiveCfg = Release|Any CPU
		{D715440E-A42A-41C7-84E7-934E0924DA16}.SingleImage|Mixed Platforms.Build.0 = Release|Any CPU
		{D715440E-A42A-41C7-84E7-934E0924DA16}.SingleImage|x86.ActiveCfg = Release|Any CPU
		{14F7D304-8E0E-47FF-A9BA-B50442859F75}.CD_ROM|Any CPU.ActiveCfg = Release|Any CPU
		{14F7D304-8E0E-47FF-A9BA-B50442859F75}.CD_ROM|Any CPU.Build.0 = Release|Any CPU
		{14F7D304-8E0E-47FF-A9BA-B50442859F75}.CD_ROM|Mixed Platforms.ActiveCfg = Release|Any CPU
		{14F7D304-8E0E-47FF-A9BA-B50442859F75}.CD_ROM|Mixed Platforms.Build.0 = Release|Any CPU
		{14F7D304-8E0E-47FF-A9BA-B50442859F75}.CD_ROM|x86.ActiveCfg = Release|Any CPU
		{14F7D304-8E0E-47FF-A9BA-B50442859F75}.Debug|Any CPU.ActiveCfg = Debug|Any CPU
		{14F7D304-8E0E-47FF-A9BA-B50442859F75}.Debug|Any CPU.Build.0 = Debug|Any CPU
		{14F7D304-8E0E-47FF-A9BA-B50442859F75}.Debug|Mixed Platforms.ActiveCfg = Debug|Any CPU
		{14F7D304-8E0E-47FF-A9BA-B50442859F75}.Debug|Mixed Platforms.Build.0 = Debug|Any CPU
		{14F7D304-8E0E-47FF-A9BA-B50442859F75}.Debug|x86.ActiveCfg = Debug|Any CPU
		{14F7D304-8E0E-47FF-A9BA-B50442859F75}.DVD-5|Any CPU.ActiveCfg = Debug|Any CPU
		{14F7D304-8E0E-47FF-A9BA-B50442859F75}.DVD-5|Any CPU.Build.0 = Debug|Any CPU
		{14F7D304-8E0E-47FF-A9BA-B50442859F75}.DVD-5|Mixed Platforms.ActiveCfg = Debug|Any CPU
		{14F7D304-8E0E-47FF-A9BA-B50442859F75}.DVD-5|Mixed Platforms.Build.0 = Debug|Any CPU
		{14F7D304-8E0E-47FF-A9BA-B50442859F75}.DVD-5|x86.ActiveCfg = Debug|Any CPU
		{14F7D304-8E0E-47FF-A9BA-B50442859F75}.Release|Any CPU.ActiveCfg = Release|Any CPU
		{14F7D304-8E0E-47FF-A9BA-B50442859F75}.Release|Any CPU.Build.0 = Release|Any CPU
		{14F7D304-8E0E-47FF-A9BA-B50442859F75}.Release|Mixed Platforms.ActiveCfg = Release|Any CPU
		{14F7D304-8E0E-47FF-A9BA-B50442859F75}.Release|Mixed Platforms.Build.0 = Release|Any CPU
		{14F7D304-8E0E-47FF-A9BA-B50442859F75}.Release|x86.ActiveCfg = Release|Any CPU
		{14F7D304-8E0E-47FF-A9BA-B50442859F75}.SingleImage|Any CPU.ActiveCfg = Release|Any CPU
		{14F7D304-8E0E-47FF-A9BA-B50442859F75}.SingleImage|Any CPU.Build.0 = Release|Any CPU
		{14F7D304-8E0E-47FF-A9BA-B50442859F75}.SingleImage|Mixed Platforms.ActiveCfg = Release|Any CPU
		{14F7D304-8E0E-47FF-A9BA-B50442859F75}.SingleImage|Mixed Platforms.Build.0 = Release|Any CPU
		{14F7D304-8E0E-47FF-A9BA-B50442859F75}.SingleImage|x86.ActiveCfg = Release|Any CPU
		{50E4BAC7-02DF-4A61-BE5E-A5EF8C45D15D}.CD_ROM|Any CPU.ActiveCfg = Release|Any CPU
		{50E4BAC7-02DF-4A61-BE5E-A5EF8C45D15D}.CD_ROM|Any CPU.Build.0 = Release|Any CPU
		{50E4BAC7-02DF-4A61-BE5E-A5EF8C45D15D}.CD_ROM|Mixed Platforms.ActiveCfg = Release|Any CPU
		{50E4BAC7-02DF-4A61-BE5E-A5EF8C45D15D}.CD_ROM|Mixed Platforms.Build.0 = Release|Any CPU
		{50E4BAC7-02DF-4A61-BE5E-A5EF8C45D15D}.CD_ROM|x86.ActiveCfg = Release|Any CPU
		{50E4BAC7-02DF-4A61-BE5E-A5EF8C45D15D}.Debug|Any CPU.ActiveCfg = Debug|Any CPU
		{50E4BAC7-02DF-4A61-BE5E-A5EF8C45D15D}.Debug|Any CPU.Build.0 = Debug|Any CPU
		{50E4BAC7-02DF-4A61-BE5E-A5EF8C45D15D}.Debug|Mixed Platforms.ActiveCfg = Debug|Any CPU
		{50E4BAC7-02DF-4A61-BE5E-A5EF8C45D15D}.Debug|Mixed Platforms.Build.0 = Debug|Any CPU
		{50E4BAC7-02DF-4A61-BE5E-A5EF8C45D15D}.Debug|x86.ActiveCfg = Debug|Any CPU
		{50E4BAC7-02DF-4A61-BE5E-A5EF8C45D15D}.DVD-5|Any CPU.ActiveCfg = Debug|Any CPU
		{50E4BAC7-02DF-4A61-BE5E-A5EF8C45D15D}.DVD-5|Any CPU.Build.0 = Debug|Any CPU
		{50E4BAC7-02DF-4A61-BE5E-A5EF8C45D15D}.DVD-5|Mixed Platforms.ActiveCfg = Debug|Any CPU
		{50E4BAC7-02DF-4A61-BE5E-A5EF8C45D15D}.DVD-5|Mixed Platforms.Build.0 = Debug|Any CPU
		{50E4BAC7-02DF-4A61-BE5E-A5EF8C45D15D}.DVD-5|x86.ActiveCfg = Debug|Any CPU
		{50E4BAC7-02DF-4A61-BE5E-A5EF8C45D15D}.Release|Any CPU.ActiveCfg = Release|Any CPU
		{50E4BAC7-02DF-4A61-BE5E-A5EF8C45D15D}.Release|Any CPU.Build.0 = Release|Any CPU
		{50E4BAC7-02DF-4A61-BE5E-A5EF8C45D15D}.Release|Mixed Platforms.ActiveCfg = Release|Any CPU
		{50E4BAC7-02DF-4A61-BE5E-A5EF8C45D15D}.Release|Mixed Platforms.Build.0 = Release|Any CPU
		{50E4BAC7-02DF-4A61-BE5E-A5EF8C45D15D}.Release|x86.ActiveCfg = Release|Any CPU
		{50E4BAC7-02DF-4A61-BE5E-A5EF8C45D15D}.SingleImage|Any CPU.ActiveCfg = Release|Any CPU
		{50E4BAC7-02DF-4A61-BE5E-A5EF8C45D15D}.SingleImage|Any CPU.Build.0 = Release|Any CPU
		{50E4BAC7-02DF-4A61-BE5E-A5EF8C45D15D}.SingleImage|Mixed Platforms.ActiveCfg = Release|Any CPU
		{50E4BAC7-02DF-4A61-BE5E-A5EF8C45D15D}.SingleImage|Mixed Platforms.Build.0 = Release|Any CPU
		{50E4BAC7-02DF-4A61-BE5E-A5EF8C45D15D}.SingleImage|x86.ActiveCfg = Release|Any CPU
		{0EA38679-DDF1-4A3D-87D6-BE65A9489ED6}.CD_ROM|Any CPU.ActiveCfg = Release|Any CPU
		{0EA38679-DDF1-4A3D-87D6-BE65A9489ED6}.CD_ROM|Any CPU.Build.0 = Release|Any CPU
		{0EA38679-DDF1-4A3D-87D6-BE65A9489ED6}.CD_ROM|Mixed Platforms.ActiveCfg = Release|Any CPU
		{0EA38679-DDF1-4A3D-87D6-BE65A9489ED6}.CD_ROM|Mixed Platforms.Build.0 = Release|Any CPU
		{0EA38679-DDF1-4A3D-87D6-BE65A9489ED6}.CD_ROM|x86.ActiveCfg = Release|Any CPU
		{0EA38679-DDF1-4A3D-87D6-BE65A9489ED6}.Debug|Any CPU.ActiveCfg = Debug|Any CPU
		{0EA38679-DDF1-4A3D-87D6-BE65A9489ED6}.Debug|Any CPU.Build.0 = Debug|Any CPU
		{0EA38679-DDF1-4A3D-87D6-BE65A9489ED6}.Debug|Mixed Platforms.ActiveCfg = Debug|Any CPU
		{0EA38679-DDF1-4A3D-87D6-BE65A9489ED6}.Debug|Mixed Platforms.Build.0 = Debug|Any CPU
		{0EA38679-DDF1-4A3D-87D6-BE65A9489ED6}.Debug|x86.ActiveCfg = Debug|Any CPU
		{0EA38679-DDF1-4A3D-87D6-BE65A9489ED6}.DVD-5|Any CPU.ActiveCfg = Debug|Any CPU
		{0EA38679-DDF1-4A3D-87D6-BE65A9489ED6}.DVD-5|Any CPU.Build.0 = Debug|Any CPU
		{0EA38679-DDF1-4A3D-87D6-BE65A9489ED6}.DVD-5|Mixed Platforms.ActiveCfg = Debug|Any CPU
		{0EA38679-DDF1-4A3D-87D6-BE65A9489ED6}.DVD-5|Mixed Platforms.Build.0 = Debug|Any CPU
		{0EA38679-DDF1-4A3D-87D6-BE65A9489ED6}.DVD-5|x86.ActiveCfg = Debug|Any CPU
		{0EA38679-DDF1-4A3D-87D6-BE65A9489ED6}.Release|Any CPU.ActiveCfg = Release|Any CPU
		{0EA38679-DDF1-4A3D-87D6-BE65A9489ED6}.Release|Any CPU.Build.0 = Release|Any CPU
		{0EA38679-DDF1-4A3D-87D6-BE65A9489ED6}.Release|Mixed Platforms.ActiveCfg = Release|Any CPU
		{0EA38679-DDF1-4A3D-87D6-BE65A9489ED6}.Release|Mixed Platforms.Build.0 = Release|Any CPU
		{0EA38679-DDF1-4A3D-87D6-BE65A9489ED6}.Release|x86.ActiveCfg = Release|Any CPU
		{0EA38679-DDF1-4A3D-87D6-BE65A9489ED6}.SingleImage|Any CPU.ActiveCfg = Release|Any CPU
		{0EA38679-DDF1-4A3D-87D6-BE65A9489ED6}.SingleImage|Any CPU.Build.0 = Release|Any CPU
		{0EA38679-DDF1-4A3D-87D6-BE65A9489ED6}.SingleImage|Mixed Platforms.ActiveCfg = Release|Any CPU
		{0EA38679-DDF1-4A3D-87D6-BE65A9489ED6}.SingleImage|Mixed Platforms.Build.0 = Release|Any CPU
		{0EA38679-DDF1-4A3D-87D6-BE65A9489ED6}.SingleImage|x86.ActiveCfg = Release|Any CPU
		{BAF65FFD-27C1-4EFF-AB7D-B6E17902522F}.CD_ROM|Any CPU.ActiveCfg = Release|Any CPU
		{BAF65FFD-27C1-4EFF-AB7D-B6E17902522F}.CD_ROM|Any CPU.Build.0 = Release|Any CPU
		{BAF65FFD-27C1-4EFF-AB7D-B6E17902522F}.CD_ROM|Mixed Platforms.ActiveCfg = Release|Any CPU
		{BAF65FFD-27C1-4EFF-AB7D-B6E17902522F}.CD_ROM|Mixed Platforms.Build.0 = Release|Any CPU
		{BAF65FFD-27C1-4EFF-AB7D-B6E17902522F}.CD_ROM|x86.ActiveCfg = Release|Any CPU
		{BAF65FFD-27C1-4EFF-AB7D-B6E17902522F}.Debug|Any CPU.ActiveCfg = Debug|Any CPU
		{BAF65FFD-27C1-4EFF-AB7D-B6E17902522F}.Debug|Any CPU.Build.0 = Debug|Any CPU
		{BAF65FFD-27C1-4EFF-AB7D-B6E17902522F}.Debug|Mixed Platforms.ActiveCfg = Debug|Any CPU
		{BAF65FFD-27C1-4EFF-AB7D-B6E17902522F}.Debug|Mixed Platforms.Build.0 = Debug|Any CPU
		{BAF65FFD-27C1-4EFF-AB7D-B6E17902522F}.Debug|x86.ActiveCfg = Debug|Any CPU
		{BAF65FFD-27C1-4EFF-AB7D-B6E17902522F}.DVD-5|Any CPU.ActiveCfg = Debug|Any CPU
		{BAF65FFD-27C1-4EFF-AB7D-B6E17902522F}.DVD-5|Any CPU.Build.0 = Debug|Any CPU
		{BAF65FFD-27C1-4EFF-AB7D-B6E17902522F}.DVD-5|Mixed Platforms.ActiveCfg = Debug|Any CPU
		{BAF65FFD-27C1-4EFF-AB7D-B6E17902522F}.DVD-5|Mixed Platforms.Build.0 = Debug|Any CPU
		{BAF65FFD-27C1-4EFF-AB7D-B6E17902522F}.DVD-5|x86.ActiveCfg = Debug|Any CPU
		{BAF65FFD-27C1-4EFF-AB7D-B6E17902522F}.Release|Any CPU.ActiveCfg = Release|Any CPU
		{BAF65FFD-27C1-4EFF-AB7D-B6E17902522F}.Release|Any CPU.Build.0 = Release|Any CPU
		{BAF65FFD-27C1-4EFF-AB7D-B6E17902522F}.Release|Mixed Platforms.ActiveCfg = Release|Any CPU
		{BAF65FFD-27C1-4EFF-AB7D-B6E17902522F}.Release|Mixed Platforms.Build.0 = Release|Any CPU
		{BAF65FFD-27C1-4EFF-AB7D-B6E17902522F}.Release|x86.ActiveCfg = Release|Any CPU
		{BAF65FFD-27C1-4EFF-AB7D-B6E17902522F}.SingleImage|Any CPU.ActiveCfg = Release|Any CPU
		{BAF65FFD-27C1-4EFF-AB7D-B6E17902522F}.SingleImage|Any CPU.Build.0 = Release|Any CPU
		{BAF65FFD-27C1-4EFF-AB7D-B6E17902522F}.SingleImage|Mixed Platforms.ActiveCfg = Release|Any CPU
		{BAF65FFD-27C1-4EFF-AB7D-B6E17902522F}.SingleImage|Mixed Platforms.Build.0 = Release|Any CPU
		{BAF65FFD-27C1-4EFF-AB7D-B6E17902522F}.SingleImage|x86.ActiveCfg = Release|Any CPU
		{ABC3DDBD-629F-4603-BC22-F0A4E627F455}.CD_ROM|Any CPU.ActiveCfg = Release|Any CPU
		{ABC3DDBD-629F-4603-BC22-F0A4E627F455}.CD_ROM|Any CPU.Build.0 = Release|Any CPU
		{ABC3DDBD-629F-4603-BC22-F0A4E627F455}.CD_ROM|Mixed Platforms.ActiveCfg = Release|Any CPU
		{ABC3DDBD-629F-4603-BC22-F0A4E627F455}.CD_ROM|Mixed Platforms.Build.0 = Release|Any CPU
		{ABC3DDBD-629F-4603-BC22-F0A4E627F455}.CD_ROM|x86.ActiveCfg = Release|Any CPU
		{ABC3DDBD-629F-4603-BC22-F0A4E627F455}.Debug|Any CPU.ActiveCfg = Debug|Any CPU
		{ABC3DDBD-629F-4603-BC22-F0A4E627F455}.Debug|Any CPU.Build.0 = Debug|Any CPU
		{ABC3DDBD-629F-4603-BC22-F0A4E627F455}.Debug|Mixed Platforms.ActiveCfg = Debug|Any CPU
		{ABC3DDBD-629F-4603-BC22-F0A4E627F455}.Debug|Mixed Platforms.Build.0 = Debug|Any CPU
		{ABC3DDBD-629F-4603-BC22-F0A4E627F455}.Debug|x86.ActiveCfg = Debug|Any CPU
		{ABC3DDBD-629F-4603-BC22-F0A4E627F455}.DVD-5|Any CPU.ActiveCfg = Debug|Any CPU
		{ABC3DDBD-629F-4603-BC22-F0A4E627F455}.DVD-5|Any CPU.Build.0 = Debug|Any CPU
		{ABC3DDBD-629F-4603-BC22-F0A4E627F455}.DVD-5|Mixed Platforms.ActiveCfg = Debug|Any CPU
		{ABC3DDBD-629F-4603-BC22-F0A4E627F455}.DVD-5|Mixed Platforms.Build.0 = Debug|Any CPU
		{ABC3DDBD-629F-4603-BC22-F0A4E627F455}.DVD-5|x86.ActiveCfg = Debug|Any CPU
		{ABC3DDBD-629F-4603-BC22-F0A4E627F455}.Release|Any CPU.ActiveCfg = Release|Any CPU
		{ABC3DDBD-629F-4603-BC22-F0A4E627F455}.Release|Any CPU.Build.0 = Release|Any CPU
		{ABC3DDBD-629F-4603-BC22-F0A4E627F455}.Release|Mixed Platforms.ActiveCfg = Release|Any CPU
		{ABC3DDBD-629F-4603-BC22-F0A4E627F455}.Release|Mixed Platforms.Build.0 = Release|Any CPU
		{ABC3DDBD-629F-4603-BC22-F0A4E627F455}.Release|x86.ActiveCfg = Release|Any CPU
		{ABC3DDBD-629F-4603-BC22-F0A4E627F455}.SingleImage|Any CPU.ActiveCfg = Release|Any CPU
		{ABC3DDBD-629F-4603-BC22-F0A4E627F455}.SingleImage|Any CPU.Build.0 = Release|Any CPU
		{ABC3DDBD-629F-4603-BC22-F0A4E627F455}.SingleImage|Mixed Platforms.ActiveCfg = Release|Any CPU
		{ABC3DDBD-629F-4603-BC22-F0A4E627F455}.SingleImage|Mixed Platforms.Build.0 = Release|Any CPU
		{ABC3DDBD-629F-4603-BC22-F0A4E627F455}.SingleImage|x86.ActiveCfg = Release|Any CPU
		{A1555EA7-B24F-40DF-98E0-2CADAB02A4DD}.CD_ROM|Any CPU.ActiveCfg = Release|Any CPU
		{A1555EA7-B24F-40DF-98E0-2CADAB02A4DD}.CD_ROM|Any CPU.Build.0 = Release|Any CPU
		{A1555EA7-B24F-40DF-98E0-2CADAB02A4DD}.CD_ROM|Mixed Platforms.ActiveCfg = Release|Any CPU
		{A1555EA7-B24F-40DF-98E0-2CADAB02A4DD}.CD_ROM|Mixed Platforms.Build.0 = Release|Any CPU
		{A1555EA7-B24F-40DF-98E0-2CADAB02A4DD}.CD_ROM|x86.ActiveCfg = Release|Any CPU
		{A1555EA7-B24F-40DF-98E0-2CADAB02A4DD}.Debug|Any CPU.ActiveCfg = Debug|Any CPU
		{A1555EA7-B24F-40DF-98E0-2CADAB02A4DD}.Debug|Any CPU.Build.0 = Debug|Any CPU
		{A1555EA7-B24F-40DF-98E0-2CADAB02A4DD}.Debug|Mixed Platforms.ActiveCfg = Debug|Any CPU
		{A1555EA7-B24F-40DF-98E0-2CADAB02A4DD}.Debug|Mixed Platforms.Build.0 = Debug|Any CPU
		{A1555EA7-B24F-40DF-98E0-2CADAB02A4DD}.Debug|x86.ActiveCfg = Debug|Any CPU
		{A1555EA7-B24F-40DF-98E0-2CADAB02A4DD}.DVD-5|Any CPU.ActiveCfg = Debug|Any CPU
		{A1555EA7-B24F-40DF-98E0-2CADAB02A4DD}.DVD-5|Any CPU.Build.0 = Debug|Any CPU
		{A1555EA7-B24F-40DF-98E0-2CADAB02A4DD}.DVD-5|Mixed Platforms.ActiveCfg = Debug|Any CPU
		{A1555EA7-B24F-40DF-98E0-2CADAB02A4DD}.DVD-5|Mixed Platforms.Build.0 = Debug|Any CPU
		{A1555EA7-B24F-40DF-98E0-2CADAB02A4DD}.DVD-5|x86.ActiveCfg = Debug|Any CPU
		{A1555EA7-B24F-40DF-98E0-2CADAB02A4DD}.Release|Any CPU.ActiveCfg = Release|Any CPU
		{A1555EA7-B24F-40DF-98E0-2CADAB02A4DD}.Release|Any CPU.Build.0 = Release|Any CPU
		{A1555EA7-B24F-40DF-98E0-2CADAB02A4DD}.Release|Mixed Platforms.ActiveCfg = Release|Any CPU
		{A1555EA7-B24F-40DF-98E0-2CADAB02A4DD}.Release|Mixed Platforms.Build.0 = Release|Any CPU
		{A1555EA7-B24F-40DF-98E0-2CADAB02A4DD}.Release|x86.ActiveCfg = Release|Any CPU
		{A1555EA7-B24F-40DF-98E0-2CADAB02A4DD}.SingleImage|Any CPU.ActiveCfg = Release|Any CPU
		{A1555EA7-B24F-40DF-98E0-2CADAB02A4DD}.SingleImage|Any CPU.Build.0 = Release|Any CPU
		{A1555EA7-B24F-40DF-98E0-2CADAB02A4DD}.SingleImage|Mixed Platforms.ActiveCfg = Release|Any CPU
		{A1555EA7-B24F-40DF-98E0-2CADAB02A4DD}.SingleImage|Mixed Platforms.Build.0 = Release|Any CPU
		{A1555EA7-B24F-40DF-98E0-2CADAB02A4DD}.SingleImage|x86.ActiveCfg = Release|Any CPU
		{A363495D-C88C-486A-9CE2-B604CA6D0876}.CD_ROM|Any CPU.ActiveCfg = Release|Any CPU
		{A363495D-C88C-486A-9CE2-B604CA6D0876}.CD_ROM|Any CPU.Build.0 = Release|Any CPU
		{A363495D-C88C-486A-9CE2-B604CA6D0876}.CD_ROM|Mixed Platforms.ActiveCfg = Release|Any CPU
		{A363495D-C88C-486A-9CE2-B604CA6D0876}.CD_ROM|Mixed Platforms.Build.0 = Release|Any CPU
		{A363495D-C88C-486A-9CE2-B604CA6D0876}.CD_ROM|x86.ActiveCfg = Release|Any CPU
		{A363495D-C88C-486A-9CE2-B604CA6D0876}.Debug|Any CPU.ActiveCfg = Debug|Any CPU
		{A363495D-C88C-486A-9CE2-B604CA6D0876}.Debug|Any CPU.Build.0 = Debug|Any CPU
		{A363495D-C88C-486A-9CE2-B604CA6D0876}.Debug|Mixed Platforms.ActiveCfg = Debug|Any CPU
		{A363495D-C88C-486A-9CE2-B604CA6D0876}.Debug|Mixed Platforms.Build.0 = Debug|Any CPU
		{A363495D-C88C-486A-9CE2-B604CA6D0876}.Debug|x86.ActiveCfg = Debug|Any CPU
		{A363495D-C88C-486A-9CE2-B604CA6D0876}.DVD-5|Any CPU.ActiveCfg = Debug|Any CPU
		{A363495D-C88C-486A-9CE2-B604CA6D0876}.DVD-5|Any CPU.Build.0 = Debug|Any CPU
		{A363495D-C88C-486A-9CE2-B604CA6D0876}.DVD-5|Mixed Platforms.ActiveCfg = Debug|Any CPU
		{A363495D-C88C-486A-9CE2-B604CA6D0876}.DVD-5|Mixed Platforms.Build.0 = Debug|Any CPU
		{A363495D-C88C-486A-9CE2-B604CA6D0876}.DVD-5|x86.ActiveCfg = Debug|Any CPU
		{A363495D-C88C-486A-9CE2-B604CA6D0876}.Release|Any CPU.ActiveCfg = Release|Any CPU
		{A363495D-C88C-486A-9CE2-B604CA6D0876}.Release|Any CPU.Build.0 = Release|Any CPU
		{A363495D-C88C-486A-9CE2-B604CA6D0876}.Release|Mixed Platforms.ActiveCfg = Release|Any CPU
		{A363495D-C88C-486A-9CE2-B604CA6D0876}.Release|Mixed Platforms.Build.0 = Release|Any CPU
		{A363495D-C88C-486A-9CE2-B604CA6D0876}.Release|x86.ActiveCfg = Release|Any CPU
		{A363495D-C88C-486A-9CE2-B604CA6D0876}.SingleImage|Any CPU.ActiveCfg = Release|Any CPU
		{A363495D-C88C-486A-9CE2-B604CA6D0876}.SingleImage|Any CPU.Build.0 = Release|Any CPU
		{A363495D-C88C-486A-9CE2-B604CA6D0876}.SingleImage|Mixed Platforms.ActiveCfg = Release|Any CPU
		{A363495D-C88C-486A-9CE2-B604CA6D0876}.SingleImage|Mixed Platforms.Build.0 = Release|Any CPU
		{A363495D-C88C-486A-9CE2-B604CA6D0876}.SingleImage|x86.ActiveCfg = Release|Any CPU
		{46C48F85-6021-466B-81ED-523B8BA0EFAD}.CD_ROM|Any CPU.ActiveCfg = Release|Any CPU
		{46C48F85-6021-466B-81ED-523B8BA0EFAD}.CD_ROM|Any CPU.Build.0 = Release|Any CPU
		{46C48F85-6021-466B-81ED-523B8BA0EFAD}.CD_ROM|Mixed Platforms.ActiveCfg = Release|Any CPU
		{46C48F85-6021-466B-81ED-523B8BA0EFAD}.CD_ROM|Mixed Platforms.Build.0 = Release|Any CPU
		{46C48F85-6021-466B-81ED-523B8BA0EFAD}.CD_ROM|x86.ActiveCfg = Release|Any CPU
		{46C48F85-6021-466B-81ED-523B8BA0EFAD}.Debug|Any CPU.ActiveCfg = Debug|Any CPU
		{46C48F85-6021-466B-81ED-523B8BA0EFAD}.Debug|Any CPU.Build.0 = Debug|Any CPU
		{46C48F85-6021-466B-81ED-523B8BA0EFAD}.Debug|Mixed Platforms.ActiveCfg = Debug|Any CPU
		{46C48F85-6021-466B-81ED-523B8BA0EFAD}.Debug|Mixed Platforms.Build.0 = Debug|Any CPU
		{46C48F85-6021-466B-81ED-523B8BA0EFAD}.Debug|x86.ActiveCfg = Debug|Any CPU
		{46C48F85-6021-466B-81ED-523B8BA0EFAD}.DVD-5|Any CPU.ActiveCfg = Debug|Any CPU
		{46C48F85-6021-466B-81ED-523B8BA0EFAD}.DVD-5|Any CPU.Build.0 = Debug|Any CPU
		{46C48F85-6021-466B-81ED-523B8BA0EFAD}.DVD-5|Mixed Platforms.ActiveCfg = Debug|Any CPU
		{46C48F85-6021-466B-81ED-523B8BA0EFAD}.DVD-5|Mixed Platforms.Build.0 = Debug|Any CPU
		{46C48F85-6021-466B-81ED-523B8BA0EFAD}.DVD-5|x86.ActiveCfg = Debug|Any CPU
		{46C48F85-6021-466B-81ED-523B8BA0EFAD}.Release|Any CPU.ActiveCfg = Release|Any CPU
		{46C48F85-6021-466B-81ED-523B8BA0EFAD}.Release|Any CPU.Build.0 = Release|Any CPU
		{46C48F85-6021-466B-81ED-523B8BA0EFAD}.Release|Mixed Platforms.ActiveCfg = Release|Any CPU
		{46C48F85-6021-466B-81ED-523B8BA0EFAD}.Release|Mixed Platforms.Build.0 = Release|Any CPU
		{46C48F85-6021-466B-81ED-523B8BA0EFAD}.Release|x86.ActiveCfg = Release|Any CPU
		{46C48F85-6021-466B-81ED-523B8BA0EFAD}.SingleImage|Any CPU.ActiveCfg = Release|Any CPU
		{46C48F85-6021-466B-81ED-523B8BA0EFAD}.SingleImage|Any CPU.Build.0 = Release|Any CPU
		{46C48F85-6021-466B-81ED-523B8BA0EFAD}.SingleImage|Mixed Platforms.ActiveCfg = Release|Any CPU
		{46C48F85-6021-466B-81ED-523B8BA0EFAD}.SingleImage|Mixed Platforms.Build.0 = Release|Any CPU
		{46C48F85-6021-466B-81ED-523B8BA0EFAD}.SingleImage|x86.ActiveCfg = Release|Any CPU
		{CE2830DE-877A-49A2-AC14-451EAF48635B}.CD_ROM|Any CPU.ActiveCfg = Release|Any CPU
		{CE2830DE-877A-49A2-AC14-451EAF48635B}.CD_ROM|Any CPU.Build.0 = Release|Any CPU
		{CE2830DE-877A-49A2-AC14-451EAF48635B}.CD_ROM|Mixed Platforms.ActiveCfg = Release|Any CPU
		{CE2830DE-877A-49A2-AC14-451EAF48635B}.CD_ROM|Mixed Platforms.Build.0 = Release|Any CPU
		{CE2830DE-877A-49A2-AC14-451EAF48635B}.CD_ROM|x86.ActiveCfg = Release|Any CPU
		{CE2830DE-877A-49A2-AC14-451EAF48635B}.Debug|Any CPU.ActiveCfg = Debug|Any CPU
		{CE2830DE-877A-49A2-AC14-451EAF48635B}.Debug|Any CPU.Build.0 = Debug|Any CPU
		{CE2830DE-877A-49A2-AC14-451EAF48635B}.Debug|Mixed Platforms.ActiveCfg = Debug|Any CPU
		{CE2830DE-877A-49A2-AC14-451EAF48635B}.Debug|Mixed Platforms.Build.0 = Debug|Any CPU
		{CE2830DE-877A-49A2-AC14-451EAF48635B}.Debug|x86.ActiveCfg = Debug|Any CPU
		{CE2830DE-877A-49A2-AC14-451EAF48635B}.DVD-5|Any CPU.ActiveCfg = Debug|Any CPU
		{CE2830DE-877A-49A2-AC14-451EAF48635B}.DVD-5|Any CPU.Build.0 = Debug|Any CPU
		{CE2830DE-877A-49A2-AC14-451EAF48635B}.DVD-5|Mixed Platforms.ActiveCfg = Debug|Any CPU
		{CE2830DE-877A-49A2-AC14-451EAF48635B}.DVD-5|Mixed Platforms.Build.0 = Debug|Any CPU
		{CE2830DE-877A-49A2-AC14-451EAF48635B}.DVD-5|x86.ActiveCfg = Debug|Any CPU
		{CE2830DE-877A-49A2-AC14-451EAF48635B}.Release|Any CPU.ActiveCfg = Release|Any CPU
		{CE2830DE-877A-49A2-AC14-451EAF48635B}.Release|Any CPU.Build.0 = Release|Any CPU
		{CE2830DE-877A-49A2-AC14-451EAF48635B}.Release|Mixed Platforms.ActiveCfg = Release|Any CPU
		{CE2830DE-877A-49A2-AC14-451EAF48635B}.Release|Mixed Platforms.Build.0 = Release|Any CPU
		{CE2830DE-877A-49A2-AC14-451EAF48635B}.Release|x86.ActiveCfg = Release|Any CPU
		{CE2830DE-877A-49A2-AC14-451EAF48635B}.SingleImage|Any CPU.ActiveCfg = Release|Any CPU
		{CE2830DE-877A-49A2-AC14-451EAF48635B}.SingleImage|Any CPU.Build.0 = Release|Any CPU
		{CE2830DE-877A-49A2-AC14-451EAF48635B}.SingleImage|Mixed Platforms.ActiveCfg = Release|Any CPU
		{CE2830DE-877A-49A2-AC14-451EAF48635B}.SingleImage|Mixed Platforms.Build.0 = Release|Any CPU
		{CE2830DE-877A-49A2-AC14-451EAF48635B}.SingleImage|x86.ActiveCfg = Release|Any CPU
		{1F489048-F1FA-4797-BE11-F3B0570BF9DA}.CD_ROM|Any CPU.ActiveCfg = Release|Any CPU
		{1F489048-F1FA-4797-BE11-F3B0570BF9DA}.CD_ROM|Any CPU.Build.0 = Release|Any CPU
		{1F489048-F1FA-4797-BE11-F3B0570BF9DA}.CD_ROM|Mixed Platforms.ActiveCfg = Release|Any CPU
		{1F489048-F1FA-4797-BE11-F3B0570BF9DA}.CD_ROM|Mixed Platforms.Build.0 = Release|Any CPU
		{1F489048-F1FA-4797-BE11-F3B0570BF9DA}.CD_ROM|x86.ActiveCfg = Release|Any CPU
		{1F489048-F1FA-4797-BE11-F3B0570BF9DA}.Debug|Any CPU.ActiveCfg = Debug|Any CPU
		{1F489048-F1FA-4797-BE11-F3B0570BF9DA}.Debug|Any CPU.Build.0 = Debug|Any CPU
		{1F489048-F1FA-4797-BE11-F3B0570BF9DA}.Debug|Mixed Platforms.ActiveCfg = Debug|Any CPU
		{1F489048-F1FA-4797-BE11-F3B0570BF9DA}.Debug|Mixed Platforms.Build.0 = Debug|Any CPU
		{1F489048-F1FA-4797-BE11-F3B0570BF9DA}.Debug|x86.ActiveCfg = Debug|Any CPU
		{1F489048-F1FA-4797-BE11-F3B0570BF9DA}.DVD-5|Any CPU.ActiveCfg = Debug|Any CPU
		{1F489048-F1FA-4797-BE11-F3B0570BF9DA}.DVD-5|Any CPU.Build.0 = Debug|Any CPU
		{1F489048-F1FA-4797-BE11-F3B0570BF9DA}.DVD-5|Mixed Platforms.ActiveCfg = Debug|Any CPU
		{1F489048-F1FA-4797-BE11-F3B0570BF9DA}.DVD-5|Mixed Platforms.Build.0 = Debug|Any CPU
		{1F489048-F1FA-4797-BE11-F3B0570BF9DA}.DVD-5|x86.ActiveCfg = Debug|Any CPU
		{1F489048-F1FA-4797-BE11-F3B0570BF9DA}.Release|Any CPU.ActiveCfg = Release|Any CPU
		{1F489048-F1FA-4797-BE11-F3B0570BF9DA}.Release|Any CPU.Build.0 = Release|Any CPU
		{1F489048-F1FA-4797-BE11-F3B0570BF9DA}.Release|Mixed Platforms.ActiveCfg = Release|Any CPU
		{1F489048-F1FA-4797-BE11-F3B0570BF9DA}.Release|Mixed Platforms.Build.0 = Release|Any CPU
		{1F489048-F1FA-4797-BE11-F3B0570BF9DA}.Release|x86.ActiveCfg = Release|Any CPU
		{1F489048-F1FA-4797-BE11-F3B0570BF9DA}.SingleImage|Any CPU.ActiveCfg = Release|Any CPU
		{1F489048-F1FA-4797-BE11-F3B0570BF9DA}.SingleImage|Any CPU.Build.0 = Release|Any CPU
		{1F489048-F1FA-4797-BE11-F3B0570BF9DA}.SingleImage|Mixed Platforms.ActiveCfg = Release|Any CPU
		{1F489048-F1FA-4797-BE11-F3B0570BF9DA}.SingleImage|Mixed Platforms.Build.0 = Release|Any CPU
		{1F489048-F1FA-4797-BE11-F3B0570BF9DA}.SingleImage|x86.ActiveCfg = Release|Any CPU
		{6E33F8B4-96A3-4F3C-9CCF-AABB05FAD15F}.CD_ROM|Any CPU.ActiveCfg = Release|Any CPU
		{6E33F8B4-96A3-4F3C-9CCF-AABB05FAD15F}.CD_ROM|Mixed Platforms.ActiveCfg = Release|Any CPU
		{6E33F8B4-96A3-4F3C-9CCF-AABB05FAD15F}.CD_ROM|x86.ActiveCfg = Release|Any CPU
		{6E33F8B4-96A3-4F3C-9CCF-AABB05FAD15F}.Debug|Any CPU.ActiveCfg = Debug|Any CPU
		{6E33F8B4-96A3-4F3C-9CCF-AABB05FAD15F}.Debug|Any CPU.Build.0 = Debug|Any CPU
		{6E33F8B4-96A3-4F3C-9CCF-AABB05FAD15F}.Debug|Mixed Platforms.ActiveCfg = Debug|Any CPU
		{6E33F8B4-96A3-4F3C-9CCF-AABB05FAD15F}.Debug|x86.ActiveCfg = Debug|Any CPU
		{6E33F8B4-96A3-4F3C-9CCF-AABB05FAD15F}.DVD-5|Any CPU.ActiveCfg = Debug|Any CPU
		{6E33F8B4-96A3-4F3C-9CCF-AABB05FAD15F}.DVD-5|Mixed Platforms.ActiveCfg = Debug|Any CPU
		{6E33F8B4-96A3-4F3C-9CCF-AABB05FAD15F}.DVD-5|x86.ActiveCfg = Debug|Any CPU
		{6E33F8B4-96A3-4F3C-9CCF-AABB05FAD15F}.Release|Any CPU.ActiveCfg = Release|Any CPU
		{6E33F8B4-96A3-4F3C-9CCF-AABB05FAD15F}.Release|Any CPU.Build.0 = Release|Any CPU
		{6E33F8B4-96A3-4F3C-9CCF-AABB05FAD15F}.Release|Mixed Platforms.ActiveCfg = Release|Any CPU
		{6E33F8B4-96A3-4F3C-9CCF-AABB05FAD15F}.Release|x86.ActiveCfg = Release|Any CPU
		{6E33F8B4-96A3-4F3C-9CCF-AABB05FAD15F}.SingleImage|Any CPU.ActiveCfg = Release|Any CPU
		{6E33F8B4-96A3-4F3C-9CCF-AABB05FAD15F}.SingleImage|Mixed Platforms.ActiveCfg = Release|Any CPU
		{6E33F8B4-96A3-4F3C-9CCF-AABB05FAD15F}.SingleImage|x86.ActiveCfg = Release|Any CPU
		{18FFFB8A-27C0-4580-BBB0-5BFC6C128F48}.CD_ROM|Any CPU.ActiveCfg = Release|Any CPU
		{18FFFB8A-27C0-4580-BBB0-5BFC6C128F48}.CD_ROM|Any CPU.Build.0 = Release|Any CPU
		{18FFFB8A-27C0-4580-BBB0-5BFC6C128F48}.CD_ROM|Mixed Platforms.ActiveCfg = Release|Any CPU
		{18FFFB8A-27C0-4580-BBB0-5BFC6C128F48}.CD_ROM|Mixed Platforms.Build.0 = Release|Any CPU
		{18FFFB8A-27C0-4580-BBB0-5BFC6C128F48}.CD_ROM|x86.ActiveCfg = Release|Any CPU
		{18FFFB8A-27C0-4580-BBB0-5BFC6C128F48}.Debug|Any CPU.ActiveCfg = Debug|Any CPU
		{18FFFB8A-27C0-4580-BBB0-5BFC6C128F48}.Debug|Any CPU.Build.0 = Debug|Any CPU
		{18FFFB8A-27C0-4580-BBB0-5BFC6C128F48}.Debug|Mixed Platforms.ActiveCfg = Debug|Any CPU
		{18FFFB8A-27C0-4580-BBB0-5BFC6C128F48}.Debug|Mixed Platforms.Build.0 = Debug|Any CPU
		{18FFFB8A-27C0-4580-BBB0-5BFC6C128F48}.Debug|x86.ActiveCfg = Debug|Any CPU
		{18FFFB8A-27C0-4580-BBB0-5BFC6C128F48}.DVD-5|Any CPU.ActiveCfg = Debug|Any CPU
		{18FFFB8A-27C0-4580-BBB0-5BFC6C128F48}.DVD-5|Any CPU.Build.0 = Debug|Any CPU
		{18FFFB8A-27C0-4580-BBB0-5BFC6C128F48}.DVD-5|Mixed Platforms.ActiveCfg = Debug|Any CPU
		{18FFFB8A-27C0-4580-BBB0-5BFC6C128F48}.DVD-5|Mixed Platforms.Build.0 = Debug|Any CPU
		{18FFFB8A-27C0-4580-BBB0-5BFC6C128F48}.DVD-5|x86.ActiveCfg = Debug|Any CPU
		{18FFFB8A-27C0-4580-BBB0-5BFC6C128F48}.Release|Any CPU.ActiveCfg = Release|Any CPU
		{18FFFB8A-27C0-4580-BBB0-5BFC6C128F48}.Release|Any CPU.Build.0 = Release|Any CPU
		{18FFFB8A-27C0-4580-BBB0-5BFC6C128F48}.Release|Mixed Platforms.ActiveCfg = Release|Any CPU
		{18FFFB8A-27C0-4580-BBB0-5BFC6C128F48}.Release|Mixed Platforms.Build.0 = Release|Any CPU
		{18FFFB8A-27C0-4580-BBB0-5BFC6C128F48}.Release|x86.ActiveCfg = Release|Any CPU
		{18FFFB8A-27C0-4580-BBB0-5BFC6C128F48}.SingleImage|Any CPU.ActiveCfg = Release|Any CPU
		{18FFFB8A-27C0-4580-BBB0-5BFC6C128F48}.SingleImage|Any CPU.Build.0 = Release|Any CPU
		{18FFFB8A-27C0-4580-BBB0-5BFC6C128F48}.SingleImage|Mixed Platforms.ActiveCfg = Release|Any CPU
		{18FFFB8A-27C0-4580-BBB0-5BFC6C128F48}.SingleImage|Mixed Platforms.Build.0 = Release|Any CPU
		{18FFFB8A-27C0-4580-BBB0-5BFC6C128F48}.SingleImage|x86.ActiveCfg = Release|Any CPU
		{A44BD068-8FE4-442F-8D83-0B2A34CF2293}.CD_ROM|Any CPU.ActiveCfg = Release|Any CPU
		{A44BD068-8FE4-442F-8D83-0B2A34CF2293}.CD_ROM|Mixed Platforms.ActiveCfg = Release|Any CPU
		{A44BD068-8FE4-442F-8D83-0B2A34CF2293}.CD_ROM|x86.ActiveCfg = Release|Any CPU
		{A44BD068-8FE4-442F-8D83-0B2A34CF2293}.Debug|Any CPU.ActiveCfg = Debug|Any CPU
		{A44BD068-8FE4-442F-8D83-0B2A34CF2293}.Debug|Any CPU.Build.0 = Debug|Any CPU
		{A44BD068-8FE4-442F-8D83-0B2A34CF2293}.Debug|Mixed Platforms.ActiveCfg = Debug|Any CPU
		{A44BD068-8FE4-442F-8D83-0B2A34CF2293}.Debug|x86.ActiveCfg = Debug|Any CPU
		{A44BD068-8FE4-442F-8D83-0B2A34CF2293}.DVD-5|Any CPU.ActiveCfg = Debug|Any CPU
		{A44BD068-8FE4-442F-8D83-0B2A34CF2293}.DVD-5|Mixed Platforms.ActiveCfg = Debug|Any CPU
		{A44BD068-8FE4-442F-8D83-0B2A34CF2293}.DVD-5|x86.ActiveCfg = Debug|Any CPU
		{A44BD068-8FE4-442F-8D83-0B2A34CF2293}.Release|Any CPU.ActiveCfg = Release|Any CPU
		{A44BD068-8FE4-442F-8D83-0B2A34CF2293}.Release|Any CPU.Build.0 = Release|Any CPU
		{A44BD068-8FE4-442F-8D83-0B2A34CF2293}.Release|Mixed Platforms.ActiveCfg = Release|Any CPU
		{A44BD068-8FE4-442F-8D83-0B2A34CF2293}.Release|x86.ActiveCfg = Release|Any CPU
		{A44BD068-8FE4-442F-8D83-0B2A34CF2293}.SingleImage|Any CPU.ActiveCfg = Release|Any CPU
		{A44BD068-8FE4-442F-8D83-0B2A34CF2293}.SingleImage|Mixed Platforms.ActiveCfg = Release|Any CPU
		{A44BD068-8FE4-442F-8D83-0B2A34CF2293}.SingleImage|x86.ActiveCfg = Release|Any CPU
		{A362F63C-C030-40D0-9EAB-501A9EFEAE44}.CD_ROM|Any CPU.ActiveCfg = Release|Any CPU
		{A362F63C-C030-40D0-9EAB-501A9EFEAE44}.CD_ROM|Any CPU.Build.0 = Release|Any CPU
		{A362F63C-C030-40D0-9EAB-501A9EFEAE44}.CD_ROM|Mixed Platforms.ActiveCfg = Release|Any CPU
		{A362F63C-C030-40D0-9EAB-501A9EFEAE44}.CD_ROM|Mixed Platforms.Build.0 = Release|Any CPU
		{A362F63C-C030-40D0-9EAB-501A9EFEAE44}.CD_ROM|x86.ActiveCfg = Release|Any CPU
		{A362F63C-C030-40D0-9EAB-501A9EFEAE44}.Debug|Any CPU.ActiveCfg = Debug|Any CPU
		{A362F63C-C030-40D0-9EAB-501A9EFEAE44}.Debug|Any CPU.Build.0 = Debug|Any CPU
		{A362F63C-C030-40D0-9EAB-501A9EFEAE44}.Debug|Mixed Platforms.ActiveCfg = Debug|Any CPU
		{A362F63C-C030-40D0-9EAB-501A9EFEAE44}.Debug|Mixed Platforms.Build.0 = Debug|Any CPU
		{A362F63C-C030-40D0-9EAB-501A9EFEAE44}.Debug|x86.ActiveCfg = Debug|Any CPU
		{A362F63C-C030-40D0-9EAB-501A9EFEAE44}.DVD-5|Any CPU.ActiveCfg = Debug|Any CPU
		{A362F63C-C030-40D0-9EAB-501A9EFEAE44}.DVD-5|Any CPU.Build.0 = Debug|Any CPU
		{A362F63C-C030-40D0-9EAB-501A9EFEAE44}.DVD-5|Mixed Platforms.ActiveCfg = Debug|Any CPU
		{A362F63C-C030-40D0-9EAB-501A9EFEAE44}.DVD-5|Mixed Platforms.Build.0 = Debug|Any CPU
		{A362F63C-C030-40D0-9EAB-501A9EFEAE44}.DVD-5|x86.ActiveCfg = Debug|Any CPU
		{A362F63C-C030-40D0-9EAB-501A9EFEAE44}.Release|Any CPU.ActiveCfg = Release|Any CPU
		{A362F63C-C030-40D0-9EAB-501A9EFEAE44}.Release|Any CPU.Build.0 = Release|Any CPU
		{A362F63C-C030-40D0-9EAB-501A9EFEAE44}.Release|Mixed Platforms.ActiveCfg = Release|Any CPU
		{A362F63C-C030-40D0-9EAB-501A9EFEAE44}.Release|Mixed Platforms.Build.0 = Release|Any CPU
		{A362F63C-C030-40D0-9EAB-501A9EFEAE44}.Release|x86.ActiveCfg = Release|Any CPU
		{A362F63C-C030-40D0-9EAB-501A9EFEAE44}.SingleImage|Any CPU.ActiveCfg = Release|Any CPU
		{A362F63C-C030-40D0-9EAB-501A9EFEAE44}.SingleImage|Any CPU.Build.0 = Release|Any CPU
		{A362F63C-C030-40D0-9EAB-501A9EFEAE44}.SingleImage|Mixed Platforms.ActiveCfg = Release|Any CPU
		{A362F63C-C030-40D0-9EAB-501A9EFEAE44}.SingleImage|Mixed Platforms.Build.0 = Release|Any CPU
		{A362F63C-C030-40D0-9EAB-501A9EFEAE44}.SingleImage|x86.ActiveCfg = Release|Any CPU
		{1B4DBCDA-89DF-460C-8B2D-25295EE51F2A}.CD_ROM|Any CPU.ActiveCfg = Release|Any CPU
		{1B4DBCDA-89DF-460C-8B2D-25295EE51F2A}.CD_ROM|Any CPU.Build.0 = Release|Any CPU
		{1B4DBCDA-89DF-460C-8B2D-25295EE51F2A}.CD_ROM|Mixed Platforms.ActiveCfg = Release|Any CPU
		{1B4DBCDA-89DF-460C-8B2D-25295EE51F2A}.CD_ROM|Mixed Platforms.Build.0 = Release|Any CPU
		{1B4DBCDA-89DF-460C-8B2D-25295EE51F2A}.CD_ROM|x86.ActiveCfg = Release|Any CPU
		{1B4DBCDA-89DF-460C-8B2D-25295EE51F2A}.Debug|Any CPU.ActiveCfg = Debug|Any CPU
		{1B4DBCDA-89DF-460C-8B2D-25295EE51F2A}.Debug|Any CPU.Build.0 = Debug|Any CPU
		{1B4DBCDA-89DF-460C-8B2D-25295EE51F2A}.Debug|Mixed Platforms.ActiveCfg = Debug|Any CPU
		{1B4DBCDA-89DF-460C-8B2D-25295EE51F2A}.Debug|Mixed Platforms.Build.0 = Debug|Any CPU
		{1B4DBCDA-89DF-460C-8B2D-25295EE51F2A}.Debug|x86.ActiveCfg = Debug|Any CPU
		{1B4DBCDA-89DF-460C-8B2D-25295EE51F2A}.DVD-5|Any CPU.ActiveCfg = Debug|Any CPU
		{1B4DBCDA-89DF-460C-8B2D-25295EE51F2A}.DVD-5|Any CPU.Build.0 = Debug|Any CPU
		{1B4DBCDA-89DF-460C-8B2D-25295EE51F2A}.DVD-5|Mixed Platforms.ActiveCfg = Debug|Any CPU
		{1B4DBCDA-89DF-460C-8B2D-25295EE51F2A}.DVD-5|Mixed Platforms.Build.0 = Debug|Any CPU
		{1B4DBCDA-89DF-460C-8B2D-25295EE51F2A}.DVD-5|x86.ActiveCfg = Debug|Any CPU
		{1B4DBCDA-89DF-460C-8B2D-25295EE51F2A}.Release|Any CPU.ActiveCfg = Release|Any CPU
		{1B4DBCDA-89DF-460C-8B2D-25295EE51F2A}.Release|Any CPU.Build.0 = Release|Any CPU
		{1B4DBCDA-89DF-460C-8B2D-25295EE51F2A}.Release|Mixed Platforms.ActiveCfg = Release|Any CPU
		{1B4DBCDA-89DF-460C-8B2D-25295EE51F2A}.Release|Mixed Platforms.Build.0 = Release|Any CPU
		{1B4DBCDA-89DF-460C-8B2D-25295EE51F2A}.Release|x86.ActiveCfg = Release|Any CPU
		{1B4DBCDA-89DF-460C-8B2D-25295EE51F2A}.SingleImage|Any CPU.ActiveCfg = Release|Any CPU
		{1B4DBCDA-89DF-460C-8B2D-25295EE51F2A}.SingleImage|Any CPU.Build.0 = Release|Any CPU
		{1B4DBCDA-89DF-460C-8B2D-25295EE51F2A}.SingleImage|Mixed Platforms.ActiveCfg = Release|Any CPU
		{1B4DBCDA-89DF-460C-8B2D-25295EE51F2A}.SingleImage|Mixed Platforms.Build.0 = Release|Any CPU
		{1B4DBCDA-89DF-460C-8B2D-25295EE51F2A}.SingleImage|x86.ActiveCfg = Release|Any CPU
		{DF139B3C-514B-4161-9A36-DD83AD408747}.CD_ROM|Any CPU.ActiveCfg = Release|Any CPU
		{DF139B3C-514B-4161-9A36-DD83AD408747}.CD_ROM|Any CPU.Build.0 = Release|Any CPU
		{DF139B3C-514B-4161-9A36-DD83AD408747}.CD_ROM|Mixed Platforms.ActiveCfg = Release|Any CPU
		{DF139B3C-514B-4161-9A36-DD83AD408747}.CD_ROM|Mixed Platforms.Build.0 = Release|Any CPU
		{DF139B3C-514B-4161-9A36-DD83AD408747}.CD_ROM|x86.ActiveCfg = Release|Any CPU
		{DF139B3C-514B-4161-9A36-DD83AD408747}.Debug|Any CPU.ActiveCfg = Debug|Any CPU
		{DF139B3C-514B-4161-9A36-DD83AD408747}.Debug|Any CPU.Build.0 = Debug|Any CPU
		{DF139B3C-514B-4161-9A36-DD83AD408747}.Debug|Mixed Platforms.ActiveCfg = Debug|Any CPU
		{DF139B3C-514B-4161-9A36-DD83AD408747}.Debug|Mixed Platforms.Build.0 = Debug|Any CPU
		{DF139B3C-514B-4161-9A36-DD83AD408747}.Debug|x86.ActiveCfg = Debug|Any CPU
		{DF139B3C-514B-4161-9A36-DD83AD408747}.DVD-5|Any CPU.ActiveCfg = Debug|Any CPU
		{DF139B3C-514B-4161-9A36-DD83AD408747}.DVD-5|Any CPU.Build.0 = Debug|Any CPU
		{DF139B3C-514B-4161-9A36-DD83AD408747}.DVD-5|Mixed Platforms.ActiveCfg = Debug|Any CPU
		{DF139B3C-514B-4161-9A36-DD83AD408747}.DVD-5|Mixed Platforms.Build.0 = Debug|Any CPU
		{DF139B3C-514B-4161-9A36-DD83AD408747}.DVD-5|x86.ActiveCfg = Debug|Any CPU
		{DF139B3C-514B-4161-9A36-DD83AD408747}.Release|Any CPU.ActiveCfg = Release|Any CPU
		{DF139B3C-514B-4161-9A36-DD83AD408747}.Release|Any CPU.Build.0 = Release|Any CPU
		{DF139B3C-514B-4161-9A36-DD83AD408747}.Release|Mixed Platforms.ActiveCfg = Release|Any CPU
		{DF139B3C-514B-4161-9A36-DD83AD408747}.Release|Mixed Platforms.Build.0 = Release|Any CPU
		{DF139B3C-514B-4161-9A36-DD83AD408747}.Release|x86.ActiveCfg = Release|Any CPU
		{DF139B3C-514B-4161-9A36-DD83AD408747}.SingleImage|Any CPU.ActiveCfg = Release|Any CPU
		{DF139B3C-514B-4161-9A36-DD83AD408747}.SingleImage|Any CPU.Build.0 = Release|Any CPU
		{DF139B3C-514B-4161-9A36-DD83AD408747}.SingleImage|Mixed Platforms.ActiveCfg = Release|Any CPU
		{DF139B3C-514B-4161-9A36-DD83AD408747}.SingleImage|Mixed Platforms.Build.0 = Release|Any CPU
		{DF139B3C-514B-4161-9A36-DD83AD408747}.SingleImage|x86.ActiveCfg = Release|Any CPU
		{6FE97B79-7EF0-4E84-B645-51CFAD9A650D}.CD_ROM|Any CPU.ActiveCfg = Release|Any CPU
		{6FE97B79-7EF0-4E84-B645-51CFAD9A650D}.CD_ROM|Any CPU.Build.0 = Release|Any CPU
		{6FE97B79-7EF0-4E84-B645-51CFAD9A650D}.CD_ROM|Mixed Platforms.ActiveCfg = Release|Any CPU
		{6FE97B79-7EF0-4E84-B645-51CFAD9A650D}.CD_ROM|Mixed Platforms.Build.0 = Release|Any CPU
		{6FE97B79-7EF0-4E84-B645-51CFAD9A650D}.CD_ROM|x86.ActiveCfg = Release|Any CPU
		{6FE97B79-7EF0-4E84-B645-51CFAD9A650D}.Debug|Any CPU.ActiveCfg = Debug|Any CPU
		{6FE97B79-7EF0-4E84-B645-51CFAD9A650D}.Debug|Any CPU.Build.0 = Debug|Any CPU
		{6FE97B79-7EF0-4E84-B645-51CFAD9A650D}.Debug|Mixed Platforms.ActiveCfg = Debug|Any CPU
		{6FE97B79-7EF0-4E84-B645-51CFAD9A650D}.Debug|Mixed Platforms.Build.0 = Debug|Any CPU
		{6FE97B79-7EF0-4E84-B645-51CFAD9A650D}.Debug|x86.ActiveCfg = Debug|Any CPU
		{6FE97B79-7EF0-4E84-B645-51CFAD9A650D}.DVD-5|Any CPU.ActiveCfg = Debug|Any CPU
		{6FE97B79-7EF0-4E84-B645-51CFAD9A650D}.DVD-5|Any CPU.Build.0 = Debug|Any CPU
		{6FE97B79-7EF0-4E84-B645-51CFAD9A650D}.DVD-5|Mixed Platforms.ActiveCfg = Debug|Any CPU
		{6FE97B79-7EF0-4E84-B645-51CFAD9A650D}.DVD-5|Mixed Platforms.Build.0 = Debug|Any CPU
		{6FE97B79-7EF0-4E84-B645-51CFAD9A650D}.DVD-5|x86.ActiveCfg = Debug|Any CPU
		{6FE97B79-7EF0-4E84-B645-51CFAD9A650D}.Release|Any CPU.ActiveCfg = Release|Any CPU
		{6FE97B79-7EF0-4E84-B645-51CFAD9A650D}.Release|Any CPU.Build.0 = Release|Any CPU
		{6FE97B79-7EF0-4E84-B645-51CFAD9A650D}.Release|Mixed Platforms.ActiveCfg = Release|Any CPU
		{6FE97B79-7EF0-4E84-B645-51CFAD9A650D}.Release|Mixed Platforms.Build.0 = Release|Any CPU
		{6FE97B79-7EF0-4E84-B645-51CFAD9A650D}.Release|x86.ActiveCfg = Release|Any CPU
		{6FE97B79-7EF0-4E84-B645-51CFAD9A650D}.SingleImage|Any CPU.ActiveCfg = Release|Any CPU
		{6FE97B79-7EF0-4E84-B645-51CFAD9A650D}.SingleImage|Any CPU.Build.0 = Release|Any CPU
		{6FE97B79-7EF0-4E84-B645-51CFAD9A650D}.SingleImage|Mixed Platforms.ActiveCfg = Release|Any CPU
		{6FE97B79-7EF0-4E84-B645-51CFAD9A650D}.SingleImage|Mixed Platforms.Build.0 = Release|Any CPU
		{6FE97B79-7EF0-4E84-B645-51CFAD9A650D}.SingleImage|x86.ActiveCfg = Release|Any CPU
		{AF0F95C5-7F2B-4B05-80F4-0FCBD89C539B}.CD_ROM|Any CPU.ActiveCfg = CD_ROM
		{AF0F95C5-7F2B-4B05-80F4-0FCBD89C539B}.CD_ROM|Any CPU.Build.0 = CD_ROM
		{AF0F95C5-7F2B-4B05-80F4-0FCBD89C539B}.CD_ROM|Mixed Platforms.ActiveCfg = CD_ROM
		{AF0F95C5-7F2B-4B05-80F4-0FCBD89C539B}.CD_ROM|Mixed Platforms.Build.0 = CD_ROM
		{AF0F95C5-7F2B-4B05-80F4-0FCBD89C539B}.CD_ROM|x86.ActiveCfg = CD_ROM
		{AF0F95C5-7F2B-4B05-80F4-0FCBD89C539B}.CD_ROM|x86.Build.0 = CD_ROM
		{AF0F95C5-7F2B-4B05-80F4-0FCBD89C539B}.Debug|Any CPU.ActiveCfg = DVD-5
		{AF0F95C5-7F2B-4B05-80F4-0FCBD89C539B}.Debug|Any CPU.Build.0 = DVD-5
		{AF0F95C5-7F2B-4B05-80F4-0FCBD89C539B}.Debug|Mixed Platforms.ActiveCfg = DVD-5
		{AF0F95C5-7F2B-4B05-80F4-0FCBD89C539B}.Debug|Mixed Platforms.Build.0 = DVD-5
		{AF0F95C5-7F2B-4B05-80F4-0FCBD89C539B}.Debug|x86.ActiveCfg = DVD-5
		{AF0F95C5-7F2B-4B05-80F4-0FCBD89C539B}.Debug|x86.Build.0 = DVD-5
		{AF0F95C5-7F2B-4B05-80F4-0FCBD89C539B}.DVD-5|Any CPU.ActiveCfg = DVD-5
		{AF0F95C5-7F2B-4B05-80F4-0FCBD89C539B}.DVD-5|Any CPU.Build.0 = DVD-5
		{AF0F95C5-7F2B-4B05-80F4-0FCBD89C539B}.DVD-5|Mixed Platforms.ActiveCfg = DVD-5
		{AF0F95C5-7F2B-4B05-80F4-0FCBD89C539B}.DVD-5|Mixed Platforms.Build.0 = DVD-5
		{AF0F95C5-7F2B-4B05-80F4-0FCBD89C539B}.DVD-5|x86.ActiveCfg = DVD-5
		{AF0F95C5-7F2B-4B05-80F4-0FCBD89C539B}.DVD-5|x86.Build.0 = DVD-5
		{AF0F95C5-7F2B-4B05-80F4-0FCBD89C539B}.Release|Any CPU.ActiveCfg = SingleImage
		{AF0F95C5-7F2B-4B05-80F4-0FCBD89C539B}.Release|Any CPU.Build.0 = SingleImage
		{AF0F95C5-7F2B-4B05-80F4-0FCBD89C539B}.Release|Mixed Platforms.ActiveCfg = SingleImage
		{AF0F95C5-7F2B-4B05-80F4-0FCBD89C539B}.Release|Mixed Platforms.Build.0 = SingleImage
		{AF0F95C5-7F2B-4B05-80F4-0FCBD89C539B}.Release|x86.ActiveCfg = SingleImage
		{AF0F95C5-7F2B-4B05-80F4-0FCBD89C539B}.Release|x86.Build.0 = SingleImage
		{AF0F95C5-7F2B-4B05-80F4-0FCBD89C539B}.SingleImage|Any CPU.ActiveCfg = SingleImage
		{AF0F95C5-7F2B-4B05-80F4-0FCBD89C539B}.SingleImage|Any CPU.Build.0 = SingleImage
		{AF0F95C5-7F2B-4B05-80F4-0FCBD89C539B}.SingleImage|Mixed Platforms.ActiveCfg = SingleImage
		{AF0F95C5-7F2B-4B05-80F4-0FCBD89C539B}.SingleImage|Mixed Platforms.Build.0 = SingleImage
		{AF0F95C5-7F2B-4B05-80F4-0FCBD89C539B}.SingleImage|x86.ActiveCfg = SingleImage
		{AF0F95C5-7F2B-4B05-80F4-0FCBD89C539B}.SingleImage|x86.Build.0 = SingleImage
		{68FE2320-F8F0-4769-943D-239E1600B762}.CD_ROM|Any CPU.ActiveCfg = Release|Any CPU
		{68FE2320-F8F0-4769-943D-239E1600B762}.CD_ROM|Any CPU.Build.0 = Release|Any CPU
		{68FE2320-F8F0-4769-943D-239E1600B762}.CD_ROM|Mixed Platforms.ActiveCfg = Release|Any CPU
		{68FE2320-F8F0-4769-943D-239E1600B762}.CD_ROM|Mixed Platforms.Build.0 = Release|Any CPU
		{68FE2320-F8F0-4769-943D-239E1600B762}.CD_ROM|x86.ActiveCfg = Release|Any CPU
		{68FE2320-F8F0-4769-943D-239E1600B762}.Debug|Any CPU.ActiveCfg = Debug|Any CPU
		{68FE2320-F8F0-4769-943D-239E1600B762}.Debug|Any CPU.Build.0 = Debug|Any CPU
		{68FE2320-F8F0-4769-943D-239E1600B762}.Debug|Mixed Platforms.ActiveCfg = Debug|Any CPU
		{68FE2320-F8F0-4769-943D-239E1600B762}.Debug|Mixed Platforms.Build.0 = Debug|Any CPU
		{68FE2320-F8F0-4769-943D-239E1600B762}.Debug|x86.ActiveCfg = Debug|Any CPU
		{68FE2320-F8F0-4769-943D-239E1600B762}.DVD-5|Any CPU.ActiveCfg = Debug|Any CPU
		{68FE2320-F8F0-4769-943D-239E1600B762}.DVD-5|Any CPU.Build.0 = Debug|Any CPU
		{68FE2320-F8F0-4769-943D-239E1600B762}.DVD-5|Mixed Platforms.ActiveCfg = Debug|Any CPU
		{68FE2320-F8F0-4769-943D-239E1600B762}.DVD-5|Mixed Platforms.Build.0 = Debug|Any CPU
		{68FE2320-F8F0-4769-943D-239E1600B762}.DVD-5|x86.ActiveCfg = Debug|Any CPU
		{68FE2320-F8F0-4769-943D-239E1600B762}.Release|Any CPU.ActiveCfg = Release|Any CPU
		{68FE2320-F8F0-4769-943D-239E1600B762}.Release|Any CPU.Build.0 = Release|Any CPU
		{68FE2320-F8F0-4769-943D-239E1600B762}.Release|Mixed Platforms.ActiveCfg = Release|Any CPU
		{68FE2320-F8F0-4769-943D-239E1600B762}.Release|Mixed Platforms.Build.0 = Release|Any CPU
		{68FE2320-F8F0-4769-943D-239E1600B762}.Release|x86.ActiveCfg = Release|Any CPU
		{68FE2320-F8F0-4769-943D-239E1600B762}.SingleImage|Any CPU.ActiveCfg = Release|Any CPU
		{68FE2320-F8F0-4769-943D-239E1600B762}.SingleImage|Any CPU.Build.0 = Release|Any CPU
		{68FE2320-F8F0-4769-943D-239E1600B762}.SingleImage|Mixed Platforms.ActiveCfg = Release|Any CPU
		{68FE2320-F8F0-4769-943D-239E1600B762}.SingleImage|Mixed Platforms.Build.0 = Release|Any CPU
		{68FE2320-F8F0-4769-943D-239E1600B762}.SingleImage|x86.ActiveCfg = Release|Any CPU
		{E75FF18B-E0A0-4398-A833-AF76AF23CD81}.CD_ROM|Any CPU.ActiveCfg = Release|Any CPU
		{E75FF18B-E0A0-4398-A833-AF76AF23CD81}.CD_ROM|Any CPU.Build.0 = Release|Any CPU
		{E75FF18B-E0A0-4398-A833-AF76AF23CD81}.CD_ROM|Mixed Platforms.ActiveCfg = Release|Any CPU
		{E75FF18B-E0A0-4398-A833-AF76AF23CD81}.CD_ROM|Mixed Platforms.Build.0 = Release|Any CPU
		{E75FF18B-E0A0-4398-A833-AF76AF23CD81}.CD_ROM|x86.ActiveCfg = Release|Any CPU
		{E75FF18B-E0A0-4398-A833-AF76AF23CD81}.Debug|Any CPU.ActiveCfg = Debug|Any CPU
		{E75FF18B-E0A0-4398-A833-AF76AF23CD81}.Debug|Any CPU.Build.0 = Debug|Any CPU
		{E75FF18B-E0A0-4398-A833-AF76AF23CD81}.Debug|Mixed Platforms.ActiveCfg = Debug|Any CPU
		{E75FF18B-E0A0-4398-A833-AF76AF23CD81}.Debug|Mixed Platforms.Build.0 = Debug|Any CPU
		{E75FF18B-E0A0-4398-A833-AF76AF23CD81}.Debug|x86.ActiveCfg = Debug|Any CPU
		{E75FF18B-E0A0-4398-A833-AF76AF23CD81}.DVD-5|Any CPU.ActiveCfg = Debug|Any CPU
		{E75FF18B-E0A0-4398-A833-AF76AF23CD81}.DVD-5|Any CPU.Build.0 = Debug|Any CPU
		{E75FF18B-E0A0-4398-A833-AF76AF23CD81}.DVD-5|Mixed Platforms.ActiveCfg = Debug|Any CPU
		{E75FF18B-E0A0-4398-A833-AF76AF23CD81}.DVD-5|Mixed Platforms.Build.0 = Debug|Any CPU
		{E75FF18B-E0A0-4398-A833-AF76AF23CD81}.DVD-5|x86.ActiveCfg = Debug|Any CPU
		{E75FF18B-E0A0-4398-A833-AF76AF23CD81}.Release|Any CPU.ActiveCfg = Release|Any CPU
		{E75FF18B-E0A0-4398-A833-AF76AF23CD81}.Release|Any CPU.Build.0 = Release|Any CPU
		{E75FF18B-E0A0-4398-A833-AF76AF23CD81}.Release|Mixed Platforms.ActiveCfg = Release|Any CPU
		{E75FF18B-E0A0-4398-A833-AF76AF23CD81}.Release|Mixed Platforms.Build.0 = Release|Any CPU
		{E75FF18B-E0A0-4398-A833-AF76AF23CD81}.Release|x86.ActiveCfg = Release|Any CPU
		{E75FF18B-E0A0-4398-A833-AF76AF23CD81}.SingleImage|Any CPU.ActiveCfg = Release|Any CPU
		{E75FF18B-E0A0-4398-A833-AF76AF23CD81}.SingleImage|Any CPU.Build.0 = Release|Any CPU
		{E75FF18B-E0A0-4398-A833-AF76AF23CD81}.SingleImage|Mixed Platforms.ActiveCfg = Release|Any CPU
		{E75FF18B-E0A0-4398-A833-AF76AF23CD81}.SingleImage|Mixed Platforms.Build.0 = Release|Any CPU
		{E75FF18B-E0A0-4398-A833-AF76AF23CD81}.SingleImage|x86.ActiveCfg = Release|Any CPU
		{AB3C3B3F-23DE-4832-A758-5A6B76E1B1DF}.CD_ROM|Any CPU.ActiveCfg = Release|x86
		{AB3C3B3F-23DE-4832-A758-5A6B76E1B1DF}.CD_ROM|Mixed Platforms.ActiveCfg = Release|x86
		{AB3C3B3F-23DE-4832-A758-5A6B76E1B1DF}.CD_ROM|Mixed Platforms.Build.0 = Release|x86
		{AB3C3B3F-23DE-4832-A758-5A6B76E1B1DF}.CD_ROM|x86.ActiveCfg = Release|x86
		{AB3C3B3F-23DE-4832-A758-5A6B76E1B1DF}.CD_ROM|x86.Build.0 = Release|x86
		{AB3C3B3F-23DE-4832-A758-5A6B76E1B1DF}.Debug|Any CPU.ActiveCfg = Debug|x86
		{AB3C3B3F-23DE-4832-A758-5A6B76E1B1DF}.Debug|Mixed Platforms.ActiveCfg = Debug|x86
		{AB3C3B3F-23DE-4832-A758-5A6B76E1B1DF}.Debug|Mixed Platforms.Build.0 = Debug|x86
		{AB3C3B3F-23DE-4832-A758-5A6B76E1B1DF}.Debug|x86.ActiveCfg = Debug|x86
		{AB3C3B3F-23DE-4832-A758-5A6B76E1B1DF}.Debug|x86.Build.0 = Debug|x86
		{AB3C3B3F-23DE-4832-A758-5A6B76E1B1DF}.DVD-5|Any CPU.ActiveCfg = Debug|x86
		{AB3C3B3F-23DE-4832-A758-5A6B76E1B1DF}.DVD-5|Mixed Platforms.ActiveCfg = Debug|x86
		{AB3C3B3F-23DE-4832-A758-5A6B76E1B1DF}.DVD-5|Mixed Platforms.Build.0 = Debug|x86
		{AB3C3B3F-23DE-4832-A758-5A6B76E1B1DF}.DVD-5|x86.ActiveCfg = Debug|x86
		{AB3C3B3F-23DE-4832-A758-5A6B76E1B1DF}.DVD-5|x86.Build.0 = Debug|x86
		{AB3C3B3F-23DE-4832-A758-5A6B76E1B1DF}.Release|Any CPU.ActiveCfg = Release|x86
		{AB3C3B3F-23DE-4832-A758-5A6B76E1B1DF}.Release|Mixed Platforms.ActiveCfg = Release|x86
		{AB3C3B3F-23DE-4832-A758-5A6B76E1B1DF}.Release|Mixed Platforms.Build.0 = Release|x86
		{AB3C3B3F-23DE-4832-A758-5A6B76E1B1DF}.Release|x86.ActiveCfg = Release|x86
		{AB3C3B3F-23DE-4832-A758-5A6B76E1B1DF}.Release|x86.Build.0 = Release|x86
		{AB3C3B3F-23DE-4832-A758-5A6B76E1B1DF}.SingleImage|Any CPU.ActiveCfg = Release|x86
		{AB3C3B3F-23DE-4832-A758-5A6B76E1B1DF}.SingleImage|Mixed Platforms.ActiveCfg = Release|x86
		{AB3C3B3F-23DE-4832-A758-5A6B76E1B1DF}.SingleImage|Mixed Platforms.Build.0 = Release|x86
		{AB3C3B3F-23DE-4832-A758-5A6B76E1B1DF}.SingleImage|x86.ActiveCfg = Release|x86
		{AB3C3B3F-23DE-4832-A758-5A6B76E1B1DF}.SingleImage|x86.Build.0 = Release|x86
	EndGlobalSection
	GlobalSection(SolutionProperties) = preSolution
		HideSolutionNode = FALSE
	EndGlobalSection
EndGlobal
