
Microsoft Visual Studio Solution File, Format Version 12.00
# Visual Studio 2012
Project("{FAE04EC0-301F-11D3-BF4B-00C04F79EFBC}") = "Tekenprogramma", "Tekenprogramma\Tekenprogramma.csproj", "{0CE2DC89-7DC6-426C-A59E-3EDD8DD06585}"
EndProject
Global
	GlobalSection(SolutionConfigurationPlatforms) = preSolution
		Debug|Any CPU = Debug|Any CPU
		Release|Any CPU = Release|Any CPU
	EndGlobalSection
	GlobalSection(ProjectConfigurationPlatforms) = postSolution
		{0CE2DC89-7DC6-426C-A59E-3EDD8DD06585}.Debug|Any CPU.ActiveCfg = Debug|Any CPU
		{0CE2DC89-7DC6-426C-A59E-3EDD8DD06585}.Debug|Any CPU.Build.0 = Debug|Any CPU
		{0CE2DC89-7DC6-426C-A59E-3EDD8DD06585}.Release|Any CPU.ActiveCfg = Release|Any CPU
		{0CE2DC89-7DC6-426C-A59E-3EDD8DD06585}.Release|Any CPU.Build.0 = Release|Any CPU
	EndGlobalSection
	GlobalSection(SolutionProperties) = preSolution
		HideSolutionNode = FALSE
	EndGlobalSection
EndGlobal
