
Microsoft Visual Studio Solution File, Format Version 12.00
# Visual Studio 2013
VisualStudioVersion = 12.0.31101.0
MinimumVisualStudioVersion = 10.0.40219.1
Project("{6141683F-8A12-4E36-9623-2EB02B2C2303}") = "WindowsInstaller", "WindowsInstaller\WindowsInstaller.isproj", "{335EA2C3-5799-4DBE-BACA-D06EFCD6D18D}"
	ProjectSection(ProjectDependencies) = postProject
		{77C0E180-60AB-425B-8805-CE8182BE1F67} = {77C0E180-60AB-425B-8805-CE8182BE1F67}
	EndProjectSection
EndProject
Project("{FAE04EC0-301F-11D3-BF4B-00C04F79EFBC}") = "iTextSharpNew", "..\iTextSharpNew\iTextSharpNew\iTextSharpNew.csproj", "{77C0E180-60AB-425B-8805-CE8182BE1F67}"
EndProject
Global
	GlobalSection(SolutionConfigurationPlatforms) = preSolution
		CD_ROM|Any CPU = CD_ROM|Any CPU
		CD_ROM|Mixed Platforms = CD_ROM|Mixed Platforms
		CD_ROM|x86 = CD_ROM|x86
		Debug|Any CPU = Debug|Any CPU
		Debug|Mixed Platforms = Debug|Mixed Platforms
		Debug|x86 = Debug|x86
		DVD-5|Any CPU = DVD-5|Any CPU
		DVD-5|Mixed Platforms = DVD-5|Mixed Platforms
		DVD-5|x86 = DVD-5|x86
		Release|Any CPU = Release|Any CPU
		Release|Mixed Platforms = Release|Mixed Platforms
		Release|x86 = Release|x86
		SingleImage|Any CPU = SingleImage|Any CPU
		SingleImage|Mixed Platforms = SingleImage|Mixed Platforms
		SingleImage|x86 = SingleImage|x86
	EndGlobalSection
	GlobalSection(ProjectConfigurationPlatforms) = postSolution
		{335EA2C3-5799-4DBE-BACA-D06EFCD6D18D}.CD_ROM|Any CPU.ActiveCfg = CD_ROM
		{335EA2C3-5799-4DBE-BACA-D06EFCD6D18D}.CD_ROM|Any CPU.Build.0 = CD_ROM
		{335EA2C3-5799-4DBE-BACA-D06EFCD6D18D}.CD_ROM|Mixed Platforms.ActiveCfg = CD_ROM
		{335EA2C3-5799-4DBE-BACA-D06EFCD6D18D}.CD_ROM|Mixed Platforms.Build.0 = CD_ROM
		{335EA2C3-5799-4DBE-BACA-D06EFCD6D18D}.CD_ROM|x86.ActiveCfg = CD_ROM
		{335EA2C3-5799-4DBE-BACA-D06EFCD6D18D}.CD_ROM|x86.Build.0 = CD_ROM
		{335EA2C3-5799-4DBE-BACA-D06EFCD6D18D}.Debug|Any CPU.ActiveCfg = DVD-5
		{335EA2C3-5799-4DBE-BACA-D06EFCD6D18D}.Debug|Any CPU.Build.0 = DVD-5
		{335EA2C3-5799-4DBE-BACA-D06EFCD6D18D}.Debug|Mixed Platforms.ActiveCfg = DVD-5
		{335EA2C3-5799-4DBE-BACA-D06EFCD6D18D}.Debug|Mixed Platforms.Build.0 = DVD-5
		{335EA2C3-5799-4DBE-BACA-D06EFCD6D18D}.Debug|x86.ActiveCfg = DVD-5
		{335EA2C3-5799-4DBE-BACA-D06EFCD6D18D}.Debug|x86.Build.0 = DVD-5
		{335EA2C3-5799-4DBE-BACA-D06EFCD6D18D}.DVD-5|Any CPU.ActiveCfg = DVD-5
		{335EA2C3-5799-4DBE-BACA-D06EFCD6D18D}.DVD-5|Any CPU.Build.0 = DVD-5
		{335EA2C3-5799-4DBE-BACA-D06EFCD6D18D}.DVD-5|Mixed Platforms.ActiveCfg = DVD-5
		{335EA2C3-5799-4DBE-BACA-D06EFCD6D18D}.DVD-5|Mixed Platforms.Build.0 = DVD-5
		{335EA2C3-5799-4DBE-BACA-D06EFCD6D18D}.DVD-5|x86.ActiveCfg = DVD-5
		{335EA2C3-5799-4DBE-BACA-D06EFCD6D18D}.DVD-5|x86.Build.0 = DVD-5
		{335EA2C3-5799-4DBE-BACA-D06EFCD6D18D}.Release|Any CPU.ActiveCfg = SingleImage
		{335EA2C3-5799-4DBE-BACA-D06EFCD6D18D}.Release|Any CPU.Build.0 = SingleImage
		{335EA2C3-5799-4DBE-BACA-D06EFCD6D18D}.Release|Mixed Platforms.ActiveCfg = SingleImage
		{335EA2C3-5799-4DBE-BACA-D06EFCD6D18D}.Release|Mixed Platforms.Build.0 = SingleImage
		{335EA2C3-5799-4DBE-BACA-D06EFCD6D18D}.Release|x86.ActiveCfg = SingleImage
		{335EA2C3-5799-4DBE-BACA-D06EFCD6D18D}.Release|x86.Build.0 = SingleImage
		{335EA2C3-5799-4DBE-BACA-D06EFCD6D18D}.SingleImage|Any CPU.ActiveCfg = SingleImage
		{335EA2C3-5799-4DBE-BACA-D06EFCD6D18D}.SingleImage|Any CPU.Build.0 = SingleImage
		{335EA2C3-5799-4DBE-BACA-D06EFCD6D18D}.SingleImage|Mixed Platforms.ActiveCfg = SingleImage
		{335EA2C3-5799-4DBE-BACA-D06EFCD6D18D}.SingleImage|Mixed Platforms.Build.0 = SingleImage
		{335EA2C3-5799-4DBE-BACA-D06EFCD6D18D}.SingleImage|x86.ActiveCfg = SingleImage
		{335EA2C3-5799-4DBE-BACA-D06EFCD6D18D}.SingleImage|x86.Build.0 = SingleImage
		{77C0E180-60AB-425B-8805-CE8182BE1F67}.CD_ROM|Any CPU.ActiveCfg = Release|Any CPU
		{77C0E180-60AB-425B-8805-CE8182BE1F67}.CD_ROM|Any CPU.Build.0 = Release|Any CPU
		{77C0E180-60AB-425B-8805-CE8182BE1F67}.CD_ROM|Mixed Platforms.ActiveCfg = Debug|Any CPU
		{77C0E180-60AB-425B-8805-CE8182BE1F67}.CD_ROM|Mixed Platforms.Build.0 = Debug|Any CPU
		{77C0E180-60AB-425B-8805-CE8182BE1F67}.CD_ROM|x86.ActiveCfg = Debug|Any CPU
		{77C0E180-60AB-425B-8805-CE8182BE1F67}.Debug|Any CPU.ActiveCfg = Debug|Any CPU
		{77C0E180-60AB-425B-8805-CE8182BE1F67}.Debug|Any CPU.Build.0 = Debug|Any CPU
		{77C0E180-60AB-425B-8805-CE8182BE1F67}.Debug|Mixed Platforms.ActiveCfg = Debug|Any CPU
		{77C0E180-60AB-425B-8805-CE8182BE1F67}.Debug|Mixed Platforms.Build.0 = Debug|Any CPU
		{77C0E180-60AB-425B-8805-CE8182BE1F67}.Debug|x86.ActiveCfg = Debug|Any CPU
		{77C0E180-60AB-425B-8805-CE8182BE1F67}.DVD-5|Any CPU.ActiveCfg = Debug|Any CPU
		{77C0E180-60AB-425B-8805-CE8182BE1F67}.DVD-5|Any CPU.Build.0 = Debug|Any CPU
		{77C0E180-60AB-425B-8805-CE8182BE1F67}.DVD-5|Mixed Platforms.ActiveCfg = Debug|Any CPU
		{77C0E180-60AB-425B-8805-CE8182BE1F67}.DVD-5|Mixed Platforms.Build.0 = Debug|Any CPU
		{77C0E180-60AB-425B-8805-CE8182BE1F67}.DVD-5|x86.ActiveCfg = Debug|Any CPU
		{77C0E180-60AB-425B-8805-CE8182BE1F67}.Release|Any CPU.ActiveCfg = Release|Any CPU
		{77C0E180-60AB-425B-8805-CE8182BE1F67}.Release|Any CPU.Build.0 = Release|Any CPU
		{77C0E180-60AB-425B-8805-CE8182BE1F67}.Release|Mixed Platforms.ActiveCfg = Release|Any CPU
		{77C0E180-60AB-425B-8805-CE8182BE1F67}.Release|Mixed Platforms.Build.0 = Release|Any CPU
		{77C0E180-60AB-425B-8805-CE8182BE1F67}.Release|x86.ActiveCfg = Release|Any CPU
		{77C0E180-60AB-425B-8805-CE8182BE1F67}.SingleImage|Any CPU.ActiveCfg = Release|Any CPU
		{77C0E180-60AB-425B-8805-CE8182BE1F67}.SingleImage|Any CPU.Build.0 = Release|Any CPU
		{77C0E180-60AB-425B-8805-CE8182BE1F67}.SingleImage|Mixed Platforms.ActiveCfg = Debug|Any CPU
		{77C0E180-60AB-425B-8805-CE8182BE1F67}.SingleImage|Mixed Platforms.Build.0 = Debug|Any CPU
		{77C0E180-60AB-425B-8805-CE8182BE1F67}.SingleImage|x86.ActiveCfg = Debug|Any CPU
	EndGlobalSection
	GlobalSection(SolutionProperties) = preSolution
		HideSolutionNode = FALSE
	EndGlobalSection
EndGlobal
