
Microsoft Visual Studio Solution File, Format Version 12.00
# Visual Studio 2012
Project("{00D1A9C2-B5F0-4AF3-8072-F6C62B433612}") = "KwadraatDemo", "KwadraatDemo\KwadraatDemo.sqlproj", "{44AEFF6B-89EF-40A8-8F60-E219F706DE71}"
EndProject
Project("{FAE04EC0-301F-11D3-BF4B-00C04F79EFBC}") = "SQLTabellen", "SQLTabellen\SQLTabellen.csproj", "{AF9B4CE9-A605-4C3E-A417-ECE9AB8CC69F}"
EndProject
Global
	GlobalSection(SolutionConfigurationPlatforms) = preSolution
		Debug|Any CPU = Debug|Any CPU
		Release|Any CPU = Release|Any CPU
	EndGlobalSection
	GlobalSection(ProjectConfigurationPlatforms) = postSolution
		{44AEFF6B-89EF-40A8-8F60-E219F706DE71}.Debug|Any CPU.ActiveCfg = Debug|Any CPU
		{44AEFF6B-89EF-40A8-8F60-E219F706DE71}.Debug|Any CPU.Build.0 = Debug|Any CPU
		{44AEFF6B-89EF-40A8-8F60-E219F706DE71}.Debug|Any CPU.Deploy.0 = Debug|Any CPU
		{44AEFF6B-89EF-40A8-8F60-E219F706DE71}.Release|Any CPU.ActiveCfg = Release|Any CPU
		{44AEFF6B-89EF-40A8-8F60-E219F706DE71}.Release|Any CPU.Build.0 = Release|Any CPU
		{44AEFF6B-89EF-40A8-8F60-E219F706DE71}.Release|Any CPU.Deploy.0 = Release|Any CPU
		{AF9B4CE9-A605-4C3E-A417-ECE9AB8CC69F}.Debug|Any CPU.ActiveCfg = Debug|Any CPU
		{AF9B4CE9-A605-4C3E-A417-ECE9AB8CC69F}.Debug|Any CPU.Build.0 = Debug|Any CPU
		{AF9B4CE9-A605-4C3E-A417-ECE9AB8CC69F}.Release|Any CPU.ActiveCfg = Release|Any CPU
		{AF9B4CE9-A605-4C3E-A417-ECE9AB8CC69F}.Release|Any CPU.Build.0 = Release|Any CPU
	EndGlobalSection
	GlobalSection(SolutionProperties) = preSolution
		HideSolutionNode = FALSE
	EndGlobalSection
EndGlobal
