
Microsoft Visual Studio Solution File, Format Version 12.00
# Visual Studio 2012
Project("{FAE04EC0-301F-11D3-BF4B-00C04F79EFBC}") = "DemoProgramma", "DemoProgramma\DemoProgramma.csproj", "{A69FFE6D-35F7-4107-908C-AB92B2AE54B0}"
EndProject
Project("{FAE04EC0-301F-11D3-BF4B-00C04F79EFBC}") = "DemoDLL", "DemoDLL\DemoDLL.csproj", "{10841DFC-C599-4081-A60C-7D2568785CC7}"
EndProject
Global
	GlobalSection(SolutionConfigurationPlatforms) = preSolution
		Debug|Any CPU = Debug|Any CPU
		Debug|Mixed Platforms = Debug|Mixed Platforms
		Debug|Win32 = Debug|Win32
		Release|Any CPU = Release|Any CPU
		Release|Mixed Platforms = Release|Mixed Platforms
		Release|Win32 = Release|Win32
	EndGlobalSection
	GlobalSection(ProjectConfigurationPlatforms) = postSolution
		{A69FFE6D-35F7-4107-908C-AB92B2AE54B0}.Debug|Any CPU.ActiveCfg = Debug|Any CPU
		{A69FFE6D-35F7-4107-908C-AB92B2AE54B0}.Debug|Any CPU.Build.0 = Debug|Any CPU
		{A69FFE6D-35F7-4107-908C-AB92B2AE54B0}.Debug|Mixed Platforms.ActiveCfg = Debug|Any CPU
		{A69FFE6D-35F7-4107-908C-AB92B2AE54B0}.Debug|Mixed Platforms.Build.0 = Debug|Any CPU
		{A69FFE6D-35F7-4107-908C-AB92B2AE54B0}.Debug|Win32.ActiveCfg = Debug|Any CPU
		{A69FFE6D-35F7-4107-908C-AB92B2AE54B0}.Release|Any CPU.ActiveCfg = Release|Any CPU
		{A69FFE6D-35F7-4107-908C-AB92B2AE54B0}.Release|Any CPU.Build.0 = Release|Any CPU
		{A69FFE6D-35F7-4107-908C-AB92B2AE54B0}.Release|Mixed Platforms.ActiveCfg = Release|Any CPU
		{A69FFE6D-35F7-4107-908C-AB92B2AE54B0}.Release|Mixed Platforms.Build.0 = Release|Any CPU
		{A69FFE6D-35F7-4107-908C-AB92B2AE54B0}.Release|Win32.ActiveCfg = Release|Any CPU
		{10841DFC-C599-4081-A60C-7D2568785CC7}.Debug|Any CPU.ActiveCfg = Debug|Any CPU
		{10841DFC-C599-4081-A60C-7D2568785CC7}.Debug|Any CPU.Build.0 = Debug|Any CPU
		{10841DFC-C599-4081-A60C-7D2568785CC7}.Debug|Mixed Platforms.ActiveCfg = Debug|Any CPU
		{10841DFC-C599-4081-A60C-7D2568785CC7}.Debug|Mixed Platforms.Build.0 = Debug|Any CPU
		{10841DFC-C599-4081-A60C-7D2568785CC7}.Debug|Win32.ActiveCfg = Debug|Any CPU
		{10841DFC-C599-4081-A60C-7D2568785CC7}.Release|Any CPU.ActiveCfg = Release|Any CPU
		{10841DFC-C599-4081-A60C-7D2568785CC7}.Release|Any CPU.Build.0 = Release|Any CPU
		{10841DFC-C599-4081-A60C-7D2568785CC7}.Release|Mixed Platforms.ActiveCfg = Release|Any CPU
		{10841DFC-C599-4081-A60C-7D2568785CC7}.Release|Mixed Platforms.Build.0 = Release|Any CPU
		{10841DFC-C599-4081-A60C-7D2568785CC7}.Release|Win32.ActiveCfg = Release|Any CPU
	EndGlobalSection
	GlobalSection(SolutionProperties) = preSolution
		HideSolutionNode = FALSE
	EndGlobalSection
EndGlobal
