
Microsoft Visual Studio Solution File, Format Version 12.00
# Visual Studio 2012
Project("{FAE04EC0-301F-11D3-BF4B-00C04F79EFBC}") = "CustomEvent", "CustomEvent\CustomEvent.csproj", "{784C6CCB-CB9E-4CAC-8B2E-F0371CF150BC}"
EndProject
Global
	GlobalSection(SolutionConfigurationPlatforms) = preSolution
		Debug|Any CPU = Debug|Any CPU
		Release|Any CPU = Release|Any CPU
	EndGlobalSection
	GlobalSection(ProjectConfigurationPlatforms) = postSolution
		{784C6CCB-CB9E-4CAC-8B2E-F0371CF150BC}.Debug|Any CPU.ActiveCfg = Debug|Any CPU
		{784C6CCB-CB9E-4CAC-8B2E-F0371CF150BC}.Debug|Any CPU.Build.0 = Debug|Any CPU
		{784C6CCB-CB9E-4CAC-8B2E-F0371CF150BC}.Release|Any CPU.ActiveCfg = Release|Any CPU
		{784C6CCB-CB9E-4CAC-8B2E-F0371CF150BC}.Release|Any CPU.Build.0 = Release|Any CPU
	EndGlobalSection
	GlobalSection(SolutionProperties) = preSolution
		HideSolutionNode = FALSE
	EndGlobalSection
EndGlobal
