
Microsoft Visual Studio Solution File, Format Version 12.00
# Visual Studio 2013
VisualStudioVersion = 12.0.31101.0
MinimumVisualStudioVersion = 10.0.40219.1
Project("{FAE04EC0-301F-11D3-BF4B-00C04F79EFBC}") = "iTextSharpNew", "iTextSharpNew\iTextSharpNew.csproj", "{77C0E180-60AB-425B-8805-CE8182BE1F67}"
EndProject
Project("{FAE04EC0-301F-11D3-BF4B-00C04F79EFBC}") = "labo4_oef2", "..\labo4_oef2\labo4_oef2\labo4_oef2.csproj", "{DCB82770-314C-4ED6-8323-5A8C1FE8A10C}"
EndProject
Global
	GlobalSection(SolutionConfigurationPlatforms) = preSolution
		Debug|Any CPU = Debug|Any CPU
		Release|Any CPU = Release|Any CPU
	EndGlobalSection
	GlobalSection(ProjectConfigurationPlatforms) = postSolution
		{77C0E180-60AB-425B-8805-CE8182BE1F67}.Debug|Any CPU.ActiveCfg = Debug|Any CPU
		{77C0E180-60AB-425B-8805-CE8182BE1F67}.Debug|Any CPU.Build.0 = Debug|Any CPU
		{77C0E180-60AB-425B-8805-CE8182BE1F67}.Release|Any CPU.ActiveCfg = Release|Any CPU
		{77C0E180-60AB-425B-8805-CE8182BE1F67}.Release|Any CPU.Build.0 = Release|Any CPU
		{DCB82770-314C-4ED6-8323-5A8C1FE8A10C}.Debug|Any CPU.ActiveCfg = Debug|Any CPU
		{DCB82770-314C-4ED6-8323-5A8C1FE8A10C}.Debug|Any CPU.Build.0 = Debug|Any CPU
		{DCB82770-314C-4ED6-8323-5A8C1FE8A10C}.Release|Any CPU.ActiveCfg = Release|Any CPU
		{DCB82770-314C-4ED6-8323-5A8C1FE8A10C}.Release|Any CPU.Build.0 = Release|Any CPU
	EndGlobalSection
	GlobalSection(SolutionProperties) = preSolution
		HideSolutionNode = FALSE
	EndGlobalSection
EndGlobal
