
Microsoft Visual Studio Solution File, Format Version 12.00
# Visual Studio 2013
VisualStudioVersion = 12.0.21005.1
MinimumVisualStudioVersion = 10.0.40219.1
Project("{FAE04EC0-301F-11D3-BF4B-00C04F79EFBC}") = "Plugins", "Plugins\Plugins.csproj", "{B2A7FEE9-5DA0-4034-9C85-19BC674A62B6}"
EndProject
Project("{FAE04EC0-301F-11D3-BF4B-00C04F79EFBC}") = "Main", "Main\Main.csproj", "{7B9FA696-85B3-4DE8-B8CB-88B88FA3BABB}"
EndProject
Global
	GlobalSection(SolutionConfigurationPlatforms) = preSolution
		Debug|Any CPU = Debug|Any CPU
		Release|Any CPU = Release|Any CPU
	EndGlobalSection
	GlobalSection(ProjectConfigurationPlatforms) = postSolution
		{B2A7FEE9-5DA0-4034-9C85-19BC674A62B6}.Debug|Any CPU.ActiveCfg = Debug|Any CPU
		{B2A7FEE9-5DA0-4034-9C85-19BC674A62B6}.Debug|Any CPU.Build.0 = Debug|Any CPU
		{B2A7FEE9-5DA0-4034-9C85-19BC674A62B6}.Release|Any CPU.ActiveCfg = Release|Any CPU
		{B2A7FEE9-5DA0-4034-9C85-19BC674A62B6}.Release|Any CPU.Build.0 = Release|Any CPU
		{7B9FA696-85B3-4DE8-B8CB-88B88FA3BABB}.Debug|Any CPU.ActiveCfg = Debug|Any CPU
		{7B9FA696-85B3-4DE8-B8CB-88B88FA3BABB}.Debug|Any CPU.Build.0 = Debug|Any CPU
		{7B9FA696-85B3-4DE8-B8CB-88B88FA3BABB}.Release|Any CPU.ActiveCfg = Release|Any CPU
		{7B9FA696-85B3-4DE8-B8CB-88B88FA3BABB}.Release|Any CPU.Build.0 = Release|Any CPU
	EndGlobalSection
	GlobalSection(SolutionProperties) = preSolution
		HideSolutionNode = FALSE
	EndGlobalSection
EndGlobal
